<?xml version="1.0" encoding="utf-8"?>
<Project ToolsVersion="4.0" xmlns="http://schemas.microsoft.com/developer/msbuild/2003">
  <ItemGroup>
    <Filter Include="Source Files">
      <UniqueIdentifier>{4FC737F1-C7A5-4376-A066-2A32D752A2FF}</UniqueIdentifier>
      <Extensions>cpp;c;cc;cxx;def;odl;idl;hpj;bat;asm;asmx</Extensions>
    </Filter>
    <Filter Include="Header Files">
      <UniqueIdentifier>{93995380-89BD-4b04-88EB-625FBE52EBFB}</UniqueIdentifier>
      <Extensions>h;hh;hpp;hxx;hm;inl;inc;xsd</Extensions>
    </Filter>
    <Filter Include="Resource Files">
      <UniqueIdentifier>{67DA6AB6-F800-4c08-8B7A-83BB121AAD01}</UniqueIdentifier>
      <Extensions>rc;ico;cur;bmp;dlg;rc2;rct;bin;rgs;gif;jpg;jpeg;jpe;resx;tiff;tif;png;wav;mfcribbon-ms</Extensions>
    </Filter>
  </ItemGroup>
  <ItemGroup>
    <ClCompile Include="..\Code\AbsorbParticles.cpp">
      <Filter>Source Files</Filter>
    </ClCompile>
    <ClCompile Include="..\Code\Action.cpp">
      <Filter>Source Files</Filter>
    </ClCompile>
    <ClCompile Include="..\Code\Actor.cpp">
      <Filter>Source Files</Filter>
    </ClCompile>
    <ClCompile Include="..\Code\ActorParams.cpp">
      <Filter>Source Files</Filter>
    </ClCompile>
    <ClCompile Include="..\Code\ActorParams1.cpp">
      <Filter>Source Files</Filter>
    </ClCompile>
    <ClCompile Include="..\Code\ActorParams2.cpp">
      <Filter>Source Files</Filter>
    </ClCompile>
    <ClCompile Include="..\Code\ActorParams3.cpp">
      <Filter>Source Files</Filter>
    </ClCompile>
    <ClCompile Include="..\Code\ActorParams4.cpp">
      <Filter>Source Files</Filter>
    </ClCompile>
    <ClCompile Include="..\Code\ActorParams5.cpp">
      <Filter>Source Files</Filter>
    </ClCompile>
    <ClCompile Include="..\Code\ActorParams6.cpp">
      <Filter>Source Files</Filter>
    </ClCompile>
    <ClCompile Include="..\Code\ActorParamsBase.cpp">
      <Filter>Source Files</Filter>
    </ClCompile>
    <ClCompile Include="..\Code\AdventureCreator.cpp">
      <Filter>Source Files</Filter>
    </ClCompile>
    <ClCompile Include="..\Code\AdventureFile.cpp">
      <Filter>Source Files</Filter>
    </ClCompile>
    <ClCompile Include="..\Code\AirParticles.cpp">
      <Filter>Source Files</Filter>
    </ClCompile>
    <ClCompile Include="..\Code\AirTrigger.cpp">
      <Filter>Source Files</Filter>
    </ClCompile>
    <ClCompile Include="..\Code\Aura.cpp">
      <Filter>Source Files</Filter>
    </ClCompile>
    <ClCompile Include="..\Code\Background.cpp">
      <Filter>Source Files</Filter>
    </ClCompile>
    <ClCompile Include="..\Code\Ball.cpp">
      <Filter>Source Files</Filter>
    </ClCompile>
    <ClCompile Include="..\Code\Barrier.cpp">
      <Filter>Source Files</Filter>
    </ClCompile>
    <ClCompile Include="..\Code\BarrierReactions.cpp">
      <Filter>Source Files</Filter>
    </ClCompile>
    <ClCompile Include="..\Code\BasicBossScene.cpp">
      <Filter>Source Files</Filter>
    </ClCompile>
    <ClCompile Include="..\Code\BitField.cpp">
      <Filter>Source Files</Filter>
    </ClCompile>
    <ClCompile Include="..\Code\BonusHandler.cpp">
      <Filter>Source Files</Filter>
    </ClCompile>
    <ClCompile Include="..\Code\Booster.cpp">
      <Filter>Source Files</Filter>
    </ClCompile>
    <ClCompile Include="..\Code\Boss.cpp">
      <Filter>Source Files</Filter>
    </ClCompile>
    <ClCompile Include="..\Code\BossHealth.cpp">
      <Filter>Source Files</Filter>
    </ClCompile>
    <ClCompile Include="..\Code\BossStageManager.cpp">
      <Filter>Source Files</Filter>
    </ClCompile>
    <ClCompile Include="..\Code\BrushManager.cpp">
      <Filter>Source Files</Filter>
    </ClCompile>
    <ClCompile Include="..\Code\Buf.cpp">
      <Filter>Source Files</Filter>
    </ClCompile>
    <ClCompile Include="..\Code\Bullet.cpp">
      <Filter>Source Files</Filter>
    </ClCompile>
    <ClCompile Include="..\Code\Button.cpp">
      <Filter>Source Files</Filter>
    </ClCompile>
    <ClCompile Include="..\Code\ButtonHolder.cpp">
      <Filter>Source Files</Filter>
    </ClCompile>
    <ClCompile Include="..\Code\Camera.cpp">
      <Filter>Source Files</Filter>
    </ClCompile>
    <ClCompile Include="..\Code\CharacterAnimator.cpp">
      <Filter>Source Files</Filter>
    </ClCompile>
    <ClCompile Include="..\Code\CheckBox.cpp">
      <Filter>Source Files</Filter>
    </ClCompile>
    <ClCompile Include="..\Code\ChooseRect.cpp">
      <Filter>Source Files</Filter>
    </ClCompile>
    <ClCompile Include="..\Code\CircleGroup.cpp">
      <Filter>Source Files</Filter>
    </ClCompile>
    <ClCompile Include="..\Code\clipper.cpp">
      <Filter>Source Files</Filter>
    </ClCompile>
    <ClCompile Include="..\Code\ColorShifter.cpp">
      <Filter>Source Files</Filter>
    </ClCompile>
    <ClCompile Include="..\Code\Config.cpp">
      <Filter>Source Files</Filter>
    </ClCompile>
    <ClCompile Include="..\Code\ConfirmPopup.cpp">
      <Filter>Source Files</Filter>
    </ClCompile>
    <ClCompile Include="..\Code\ControllerOptions.cpp">
      <Filter>Source Files</Filter>
    </ClCompile>
    <ClCompile Include="..\Code\ControlProfile.cpp">
      <Filter>Source Files</Filter>
    </ClCompile>
    <ClCompile Include="..\Code\ControlSettingsMenu.cpp">
      <Filter>Source Files</Filter>
    </ClCompile>
    <ClCompile Include="..\Code\CreateDecorModeUI.cpp">
      <Filter>Source Files</Filter>
    </ClCompile>
    <ClCompile Include="..\Code\CreateEnemyModeUI.cpp">
      <Filter>Source Files</Filter>
    </ClCompile>
    <ClCompile Include="..\Code\CreateGatesModeUI.cpp">
      <Filter>Source Files</Filter>
    </ClCompile>
    <ClCompile Include="..\Code\CreateRailModeUI.cpp">
      <Filter>Source Files</Filter>
    </ClCompile>
    <ClCompile Include="..\Code\CreateTerrainModeUI.cpp">
      <Filter>Source Files</Filter>
    </ClCompile>
    <ClCompile Include="..\Code\CreditsMenuScreen.cpp">
      <Filter>Source Files</Filter>
    </ClCompile>
    <ClCompile Include="..\Code\CustomMapClient.cpp">
      <Filter>Source Files</Filter>
    </ClCompile>
    <ClCompile Include="..\Code\CustomMapDisplay.cpp">
      <Filter>Source Files</Filter>
    </ClCompile>
    <ClCompile Include="..\Code\CustomMapHandler.cpp">
      <Filter>Source Files</Filter>
    </ClCompile>
    <ClCompile Include="..\Code\DeathSequence.cpp">
      <Filter>Source Files</Filter>
    </ClCompile>
    <ClCompile Include="..\Code\Dropdown.cpp">
      <Filter>Source Files</Filter>
    </ClCompile>
    <ClCompile Include="..\Code\EditModeUI.cpp">
      <Filter>Source Files</Filter>
    </ClCompile>
    <ClCompile Include="..\Code\EditorActors.cpp">
      <Filter>Source Files</Filter>
    </ClCompile>
    <ClCompile Include="..\Code\EditorDecorInfo.cpp">
      <Filter>Source Files</Filter>
    </ClCompile>
    <ClCompile Include="..\Code\EditorGateInfo.cpp">
      <Filter>Source Files</Filter>
    </ClCompile>
    <ClCompile Include="..\Code\EditorGraph.cpp">
      <Filter>Source Files</Filter>
    </ClCompile>
    <ClCompile Include="..\Code\EditorPlayerTracker.cpp">
      <Filter>Source Files</Filter>
    </ClCompile>
    <ClCompile Include="..\Code\EditorRail.cpp">
      <Filter>Source Files</Filter>
    </ClCompile>
    <ClCompile Include="..\Code\EditorTerrain.cpp">
      <Filter>Source Files</Filter>
    </ClCompile>
    <ClCompile Include="..\Code\EditSession.cpp">
      <Filter>Source Files</Filter>
    </ClCompile>
    <ClCompile Include="..\Code\Enemy.cpp">
      <Filter>Source Files</Filter>
    </ClCompile>
    <ClCompile Include="..\Code\Enemy_AimLauncher.cpp">
      <Filter>Source Files</Filter>
    </ClCompile>
    <ClCompile Include="..\Code\Enemy_Airdasher.cpp">
      <Filter>Source Files</Filter>
    </ClCompile>
    <ClCompile Include="..\Code\Enemy_AntiTimeSlowBooster.cpp">
      <Filter>Source Files</Filter>
    </ClCompile>
    <ClCompile Include="..\Code\Enemy_AppearingShape.cpp">
      <Filter>Source Files</Filter>
    </ClCompile>
    <ClCompile Include="..\Code\Enemy_AttractJuggler.cpp">
      <Filter>Source Files</Filter>
    </ClCompile>
    <ClCompile Include="..\Code\Enemy_BabyScorpion.cpp">
      <Filter>Source Files</Filter>
    </ClCompile>
    <ClCompile Include="..\Code\Enemy_Badger.cpp">
      <Filter>Source Files</Filter>
    </ClCompile>
    <ClCompile Include="..\Code\Enemy_BasicEffect.cpp">
      <Filter>Source Files</Filter>
    </ClCompile>
    <ClCompile Include="..\Code\Enemy_BasicTurret.cpp">
      <Filter>Source Files</Filter>
    </ClCompile>
    <ClCompile Include="..\Code\Enemy_Bat.cpp">
      <Filter>Source Files</Filter>
    </ClCompile>
    <ClCompile Include="..\Code\Enemy_BeamBomb.cpp">
      <Filter>Source Files</Filter>
    </ClCompile>
    <ClCompile Include="..\Code\Enemy_Bird.cpp">
      <Filter>Source Files</Filter>
    </ClCompile>
    <ClCompile Include="..\Code\Enemy_BirdShuriken.cpp">
      <Filter>Source Files</Filter>
    </ClCompile>
    <ClCompile Include="..\Code\Enemy_Blocker.cpp">
      <Filter>Source Files</Filter>
    </ClCompile>
    <ClCompile Include="..\Code\Enemy_BounceBooster.cpp">
      <Filter>Source Files</Filter>
    </ClCompile>
    <ClCompile Include="..\Code\Enemy_BounceFloater.cpp">
      <Filter>Source Files</Filter>
    </ClCompile>
    <ClCompile Include="..\Code\Enemy_BounceJuggler.cpp">
      <Filter>Source Files</Filter>
    </ClCompile>
    <ClCompile Include="..\Code\Enemy_Cactus.cpp">
      <Filter>Source Files</Filter>
    </ClCompile>
    <ClCompile Include="..\Code\Enemy_Cheetah.cpp">
      <Filter>Source Files</Filter>
    </ClCompile>
    <ClCompile Include="..\Code\Enemy_Chess.cpp">
      <Filter>Source Files</Filter>
    </ClCompile>
    <ClCompile Include="..\Code\Enemy_Comboer.cpp">
      <Filter>Source Files</Filter>
    </ClCompile>
    <ClCompile Include="..\Code\Enemy_ComboerTarget.cpp">
      <Filter>Source Files</Filter>
    </ClCompile>
    <ClCompile Include="..\Code\Enemy_Copycat.cpp">
      <Filter>Source Files</Filter>
    </ClCompile>
    <ClCompile Include="..\Code\Enemy_Coyote.cpp">
      <Filter>Source Files</Filter>
    </ClCompile>
    <ClCompile Include="..\Code\Enemy_CoyoteBullet.cpp">
      <Filter>Source Files</Filter>
    </ClCompile>
    <ClCompile Include="..\Code\Enemy_CoyoteHelper.cpp">
      <Filter>Source Files</Filter>
    </ClCompile>
    <ClCompile Include="..\Code\Enemy_CoyoteShockwave.cpp">
      <Filter>Source Files</Filter>
    </ClCompile>
    <ClCompile Include="..\Code\Enemy_Crawler.cpp">
      <Filter>Source Files</Filter>
    </ClCompile>
    <ClCompile Include="..\Code\Enemy_CrawlerQueen.cpp">
      <Filter>Source Files</Filter>
    </ClCompile>
    <ClCompile Include="..\Code\Enemy_CurveTurret.cpp">
      <Filter>Source Files</Filter>
    </ClCompile>
    <ClCompile Include="..\Code\Enemy_DimensionExit.cpp">
      <Filter>Source Files</Filter>
    </ClCompile>
    <ClCompile Include="..\Code\Enemy_DimensionEye.cpp">
      <Filter>Source Files</Filter>
    </ClCompile>
    <ClCompile Include="..\Code\Enemy_ExplodingBarrel.cpp">
      <Filter>Source Files</Filter>
    </ClCompile>
    <ClCompile Include="..\Code\Enemy_Falcon.cpp">
      <Filter>Source Files</Filter>
    </ClCompile>
    <ClCompile Include="..\Code\Enemy_Firefly.cpp">
      <Filter>Source Files</Filter>
    </ClCompile>
    <ClCompile Include="..\Code\Enemy_FreeFlightBooster.cpp">
      <Filter>Source Files</Filter>
    </ClCompile>
    <ClCompile Include="..\Code\Enemy_FreeFlightTarget.cpp">
      <Filter>Source Files</Filter>
    </ClCompile>
    <ClCompile Include="..\Code\Enemy_FutureChecker.cpp">
      <Filter>Source Files</Filter>
    </ClCompile>
    <ClCompile Include="..\Code\Enemy_Gator.cpp">
      <Filter>Source Files</Filter>
    </ClCompile>
    <ClCompile Include="..\Code\Enemy_GatorSuperOrb.cpp">
      <Filter>Source Files</Filter>
    </ClCompile>
    <ClCompile Include="..\Code\Enemy_GatorWaterOrb.cpp">
      <Filter>Source Files</Filter>
    </ClCompile>
    <ClCompile Include="..\Code\Enemy_Ghost.cpp">
      <Filter>Source Files</Filter>
    </ClCompile>
    <ClCompile Include="..\Code\Enemy_GlideTarget.cpp">
      <Filter>Source Files</Filter>
    </ClCompile>
    <ClCompile Include="..\Code\Enemy_Goal.cpp">
      <Filter>Source Files</Filter>
    </ClCompile>
    <ClCompile Include="..\Code\Enemy_Gorilla.cpp">
      <Filter>Source Files</Filter>
    </ClCompile>
    <ClCompile Include="..\Code\Enemy_GravityFaller.cpp">
      <Filter>Source Files</Filter>
    </ClCompile>
    <ClCompile Include="..\Code\Enemy_GravityJuggler.cpp">
      <Filter>Source Files</Filter>
    </ClCompile>
    <ClCompile Include="..\Code\Enemy_GravityModifier.cpp">
      <Filter>Source Files</Filter>
    </ClCompile>
    <ClCompile Include="..\Code\Enemy_GreyEye.cpp">
      <Filter>Source Files</Filter>
    </ClCompile>
    <ClCompile Include="..\Code\Enemy_GreySkeleton.cpp">
      <Filter>Source Files</Filter>
    </ClCompile>
    <ClCompile Include="..\Code\Enemy_GrindJuggler.cpp">
      <Filter>Source Files</Filter>
    </ClCompile>
    <ClCompile Include="..\Code\Enemy_GroundedGrindJuggler.cpp">
      <Filter>Source Files</Filter>
    </ClCompile>
    <ClCompile Include="..\Code\Enemy_GrowingTree.cpp">
      <Filter>Source Files</Filter>
    </ClCompile>
    <ClCompile Include="..\Code\Enemy_Hand.cpp">
      <Filter>Source Files</Filter>
    </ClCompile>
    <ClCompile Include="..\Code\Enemy_HealthFly.cpp">
      <Filter>Source Files</Filter>
    </ClCompile>
    <ClCompile Include="..\Code\Enemy_HomingBooster.cpp">
      <Filter>Source Files</Filter>
    </ClCompile>
    <ClCompile Include="..\Code\Enemy_HungryComboer.cpp">
      <Filter>Source Files</Filter>
    </ClCompile>
    <ClCompile Include="..\Code\Enemy_KeyFly.cpp">
      <Filter>Source Files</Filter>
    </ClCompile>
    <ClCompile Include="..\Code\Enemy_LaserJays.cpp">
      <Filter>Source Files</Filter>
    </ClCompile>
    <ClCompile Include="..\Code\Enemy_Lizard.cpp">
      <Filter>Source Files</Filter>
    </ClCompile>
    <ClCompile Include="..\Code\Enemy_LobTurret.cpp">
      <Filter>Source Files</Filter>
    </ClCompile>
    <ClCompile Include="..\Code\Enemy_LogItem.cpp">
      <Filter>Source Files</Filter>
    </ClCompile>
    <ClCompile Include="..\Code\Enemy_MomentumBooster.cpp">
      <Filter>Source Files</Filter>
    </ClCompile>
    <ClCompile Include="..\Code\Enemy_MovementTester.cpp">
      <Filter>Source Files</Filter>
    </ClCompile>
    <ClCompile Include="..\Code\Enemy_MultiplayerBase.cpp">
      <Filter>Source Files</Filter>
    </ClCompile>
    <ClCompile Include="..\Code\Enemy_MultiplayerProgressTarget.cpp">
      <Filter>Source Files</Filter>
    </ClCompile>
    <ClCompile Include="..\Code\Enemy_Owl.cpp">
      <Filter>Source Files</Filter>
    </ClCompile>
    <ClCompile Include="..\Code\Enemy_PalmTurret.cpp">
      <Filter>Source Files</Filter>
    </ClCompile>
    <ClCompile Include="..\Code\Enemy_Parrot.cpp">
      <Filter>Source Files</Filter>
    </ClCompile>
    <ClCompile Include="..\Code\Enemy_Patroller.cpp">
      <Filter>Source Files</Filter>
    </ClCompile>
    <ClCompile Include="..\Code\Enemy_PhaseBooster.cpp">
      <Filter>Source Files</Filter>
    </ClCompile>
    <ClCompile Include="..\Code\Enemy_PoisonFrog.cpp">
      <Filter>Source Files</Filter>
    </ClCompile>
    <ClCompile Include="..\Code\Enemy_PowerItem.cpp">
      <Filter>Source Files</Filter>
    </ClCompile>
    <ClCompile Include="..\Code\Enemy_PredictTurret.cpp">
      <Filter>Source Files</Filter>
    </ClCompile>
    <ClCompile Include="..\Code\Enemy_Pufferfish.cpp">
      <Filter>Source Files</Filter>
    </ClCompile>
    <ClCompile Include="..\Code\Enemy_PulseAttack.cpp">
      <Filter>Source Files</Filter>
    </ClCompile>
    <ClCompile Include="..\Code\Enemy_QueenFloatingBomb.cpp">
      <Filter>Source Files</Filter>
    </ClCompile>
    <ClCompile Include="..\Code\Enemy_RaceFightTarget.cpp">
      <Filter>Source Files</Filter>
    </ClCompile>
    <ClCompile Include="..\Code\Enemy_RelativeComboer.cpp">
      <Filter>Source Files</Filter>
    </ClCompile>
    <ClCompile Include="..\Code\Enemy_RemoteComboer.cpp">
      <Filter>Source Files</Filter>
    </ClCompile>
    <ClCompile Include="..\Code\Enemy_RewindBooster.cpp">
      <Filter>Source Files</Filter>
    </ClCompile>
    <ClCompile Include="..\Code\Enemy_Roadrunner.cpp">
      <Filter>Source Files</Filter>
    </ClCompile>
    <ClCompile Include="..\Code\Enemy_ScorpionLauncher.cpp">
      <Filter>Source Files</Filter>
    </ClCompile>
    <ClCompile Include="..\Code\Enemy_SequenceBird.cpp">
      <Filter>Source Files</Filter>
    </ClCompile>
    <ClCompile Include="..\Code\Enemy_SequenceCoyote.cpp">
      <Filter>Source Files</Filter>
    </ClCompile>
    <ClCompile Include="..\Code\Enemy_SequenceCrawler.cpp">
      <Filter>Source Files</Filter>
    </ClCompile>
    <ClCompile Include="..\Code\Enemy_SequenceGator.cpp">
      <Filter>Source Files</Filter>
    </ClCompile>
    <ClCompile Include="..\Code\Enemy_SequenceSkeleton.cpp">
      <Filter>Source Files</Filter>
    </ClCompile>
    <ClCompile Include="..\Code\Enemy_SequenceTiger.cpp">
      <Filter>Source Files</Filter>
    </ClCompile>
    <ClCompile Include="..\Code\Enemy_Shard.cpp">
      <Filter>Source Files</Filter>
    </ClCompile>
    <ClCompile Include="..\Code\Enemy_Shark.cpp">
      <Filter>Source Files</Filter>
    </ClCompile>
    <ClCompile Include="..\Code\Enemy_ShotgunTurret.cpp">
      <Filter>Source Files</Filter>
    </ClCompile>
    <ClCompile Include="..\Code\Enemy_Shroom.cpp">
      <Filter>Source Files</Filter>
    </ClCompile>
    <ClCompile Include="..\Code\Enemy_Skeleton.cpp">
      <Filter>Source Files</Filter>
    </ClCompile>
    <ClCompile Include="..\Code\Enemy_SkeletonLaser.cpp">
      <Filter>Source Files</Filter>
    </ClCompile>
    <ClCompile Include="..\Code\Enemy_Skunk.cpp">
      <Filter>Source Files</Filter>
    </ClCompile>
    <ClCompile Include="..\Code\Enemy_Specter.cpp">
      <Filter>Source Files</Filter>
    </ClCompile>
    <ClCompile Include="..\Code\Enemy_Spider.cpp">
      <Filter>Source Files</Filter>
    </ClCompile>
    <ClCompile Include="..\Code\Enemy_SplitComboer.cpp">
      <Filter>Source Files</Filter>
    </ClCompile>
    <ClCompile Include="..\Code\Enemy_StagBeetle.cpp">
      <Filter>Source Files</Filter>
    </ClCompile>
    <ClCompile Include="..\Code\Enemy_Swarm.cpp">
      <Filter>Source Files</Filter>
    </ClCompile>
    <ClCompile Include="..\Code\Enemy_SwingLauncher.cpp">
      <Filter>Source Files</Filter>
    </ClCompile>
    <ClCompile Include="..\Code\Enemy_SwordProjectile.cpp">
      <Filter>Source Files</Filter>
    </ClCompile>
    <ClCompile Include="..\Code\Enemy_SwordProjectileBooster.cpp">
      <Filter>Source Files</Filter>
    </ClCompile>
    <ClCompile Include="..\Code\Enemy_Teleporter.cpp">
      <Filter>Source Files</Filter>
    </ClCompile>
    <ClCompile Include="..\Code\Enemy_TetheredRusher.cpp">
      <Filter>Source Files</Filter>
    </ClCompile>
    <ClCompile Include="..\Code\Enemy_Thorn.cpp">
      <Filter>Source Files</Filter>
    </ClCompile>
    <ClCompile Include="..\Code\Enemy_Tiger.cpp">
      <Filter>Source Files</Filter>
    </ClCompile>
    <ClCompile Include="..\Code\Enemy_TigerFlameTarget.cpp">
      <Filter>Source Files</Filter>
    </ClCompile>
    <ClCompile Include="..\Code\Enemy_TigerGrindBullet.cpp">
      <Filter>Source Files</Filter>
    </ClCompile>
    <ClCompile Include="..\Code\Enemy_TigerSpinTurret.cpp">
      <Filter>Source Files</Filter>
    </ClCompile>
    <ClCompile Include="..\Code\Enemy_TigerTarget.cpp">
      <Filter>Source Files</Filter>
    </ClCompile>
    <ClCompile Include="..\Code\Enemy_TimeBooster.cpp">
      <Filter>Source Files</Filter>
    </ClCompile>
    <ClCompile Include="..\Code\Enemy_Trailer.cpp">
      <Filter>Source Files</Filter>
    </ClCompile>
    <ClCompile Include="..\Code\Enemy_Turtle.cpp">
      <Filter>Source Files</Filter>
    </ClCompile>
    <ClCompile Include="..\Code\Enemy_TutorialObject.cpp">
      <Filter>Source Files</Filter>
    </ClCompile>
    <ClCompile Include="..\Code\Enemy_Widow.cpp">
      <Filter>Source Files</Filter>
    </ClCompile>
    <ClCompile Include="..\Code\Enemy_WireJuggler.cpp">
      <Filter>Source Files</Filter>
    </ClCompile>
    <ClCompile Include="..\Code\EnemyChain.cpp">
      <Filter>Source Files</Filter>
    </ClCompile>
    <ClCompile Include="..\Code\EnemyChooseRect.cpp">
      <Filter>Source Files</Filter>
    </ClCompile>
    <ClCompile Include="..\Code\EnemyMover.cpp">
      <Filter>Source Files</Filter>
    </ClCompile>
    <ClCompile Include="..\Code\EnemyTracker.cpp">
      <Filter>Source Files</Filter>
    </ClCompile>
    <ClCompile Include="..\Code\EnvEffects.cpp">
      <Filter>Source Files</Filter>
    </ClCompile>
    <ClCompile Include="..\Code\EnvPlant.cpp">
      <Filter>Source Files</Filter>
    </ClCompile>
    <ClCompile Include="..\Code\ErrorBar.cpp">
      <Filter>Source Files</Filter>
    </ClCompile>
    <ClCompile Include="..\Code\Eye.cpp">
      <Filter>Source Files</Filter>
    </ClCompile>
    <ClCompile Include="..\Code\Fader.cpp">
      <Filter>Source Files</Filter>
    </ClCompile>
    <ClCompile Include="..\Code\Feedback.cpp">
      <Filter>Source Files</Filter>
    </ClCompile>
    <ClCompile Include="..\Code\FightHUD.cpp">
      <Filter>Source Files</Filter>
    </ClCompile>
    <ClCompile Include="..\Code\FightMode.cpp">
      <Filter>Source Files</Filter>
    </ClCompile>
    <ClCompile Include="..\Code\FileChooser.cpp">
      <Filter>Source Files</Filter>
    </ClCompile>
    <ClCompile Include="..\Code\FlashedImage.cpp">
      <Filter>Source Files</Filter>
    </ClCompile>
    <ClCompile Include="..\Code\FlashGroup.cpp">
      <Filter>Source Files</Filter>
    </ClCompile>
    <ClCompile Include="..\Code\flow.cpp">
      <Filter>Source Files</Filter>
    </ClCompile>
    <ClCompile Include="..\Code\FlowerPod.cpp">
      <Filter>Source Files</Filter>
    </ClCompile>
    <ClCompile Include="..\Code\FPoint.cpp">
      <Filter>Source Files</Filter>
    </ClCompile>
    <ClCompile Include="..\Code\GameMode.cpp">
      <Filter>Source Files</Filter>
    </ClCompile>
    <ClCompile Include="..\Code\GameSession.cpp">
      <Filter>Source Files</Filter>
    </ClCompile>
    <ClCompile Include="..\Code\Gate.cpp">
      <Filter>Source Files</Filter>
    </ClCompile>
    <ClCompile Include="..\Code\GateMarker.cpp">
      <Filter>Source Files</Filter>
    </ClCompile>
    <ClCompile Include="..\Code\GeneralUI.cpp">
      <Filter>Source Files</Filter>
    </ClCompile>
    <ClCompile Include="..\Code\GetAirdashPowerSeq.cpp">
      <Filter>Source Files</Filter>
    </ClCompile>
    <ClCompile Include="..\Code\GGPO.cpp">
      <Filter>Source Files</Filter>
    </ClCompile>
    <ClCompile Include="..\Code\GoalExplosion.cpp">
      <Filter>Source Files</Filter>
    </ClCompile>
    <ClCompile Include="..\Code\GoalFlow.cpp">
      <Filter>Source Files</Filter>
    </ClCompile>
    <ClCompile Include="..\Code\GPUFlow.cpp">
      <Filter>Source Files</Filter>
    </ClCompile>
    <ClCompile Include="..\Code\Grass.cpp">
      <Filter>Source Files</Filter>
    </ClCompile>
    <ClCompile Include="..\Code\GreyWarpSequence.cpp">
      <Filter>Source Files</Filter>
    </ClCompile>
    <ClCompile Include="..\Code\GridSelector.cpp">
      <Filter>Source Files</Filter>
    </ClCompile>
    <ClCompile Include="..\Code\GroundedWarper.cpp">
      <Filter>Source Files</Filter>
    </ClCompile>
    <ClCompile Include="..\Code\GroundTrigger.cpp">
      <Filter>Source Files</Filter>
    </ClCompile>
    <ClCompile Include="..\Code\HitboxManager.cpp">
      <Filter>Source Files</Filter>
    </ClCompile>
    <ClCompile Include="..\Code\HUD.cpp">
      <Filter>Source Files</Filter>
    </ClCompile>
    <ClCompile Include="..\Code\ImageChooseRect.cpp">
      <Filter>Source Files</Filter>
    </ClCompile>
    <ClCompile Include="..\Code\ImageText.cpp">
      <Filter>Source Files</Filter>
    </ClCompile>
    <ClCompile Include="..\Code\Input.cpp">
      <Filter>Source Files</Filter>
    </ClCompile>
    <ClCompile Include="..\Code\InputVisualizer.cpp">
      <Filter>Source Files</Filter>
    </ClCompile>
    <ClCompile Include="..\Code\IntroMovie.cpp">
      <Filter>Source Files</Filter>
    </ClCompile>
    <ClCompile Include="..\Code\ItemSelector.cpp">
      <Filter>Source Files</Filter>
    </ClCompile>
    <ClCompile Include="..\Code\Julia.cpp">
      <Filter>Source Files</Filter>
    </ClCompile>
    <ClCompile Include="..\Code\KeyMarker.cpp">
      <Filter>Source Files</Filter>
    </ClCompile>
    <ClCompile Include="..\Code\KinBoostScreen.cpp">
      <Filter>Source Files</Filter>
    </ClCompile>
    <ClCompile Include="..\Code\KinMenu.cpp">
      <Filter>Source Files</Filter>
    </ClCompile>
    <ClCompile Include="..\Code\LevelSelector.cpp">
      <Filter>Source Files</Filter>
    </ClCompile>
    <ClCompile Include="..\Code\LevelServer.cpp">
      <Filter>Source Files</Filter>
    </ClCompile>
    <ClCompile Include="..\Code\Light.cpp">
      <Filter>Source Files</Filter>
    </ClCompile>
    <ClCompile Include="..\Code\LoadingBackpack.cpp">
      <Filter>Source Files</Filter>
    </ClCompile>
    <ClCompile Include="..\Code\LoadingMapProgressDisplay.cpp">
      <Filter>Source Files</Filter>
    </ClCompile>
    <ClCompile Include="..\Code\LogMenu.cpp">
      <Filter>Source Files</Filter>
    </ClCompile>
    <ClCompile Include="..\Code\MacInput.cpp">
      <Filter>Source Files</Filter>
    </ClCompile>
    <ClCompile Include="..\Code\main.cpp">
      <Filter>Source Files</Filter>
    </ClCompile>
    <ClCompile Include="..\Code\MainMenu.cpp">
      <Filter>Source Files</Filter>
    </ClCompile>
    <ClCompile Include="..\Code\MapHeader.cpp">
      <Filter>Source Files</Filter>
    </ClCompile>
    <ClCompile Include="..\Code\MapOptionsUI.cpp">
      <Filter>Source Files</Filter>
    </ClCompile>
    <ClCompile Include="..\Code\MapSector.cpp">
      <Filter>Source Files</Filter>
    </ClCompile>
    <ClCompile Include="..\Code\MapSelectionMenu.cpp">
      <Filter>Source Files</Filter>
    </ClCompile>
    <ClCompile Include="..\Code\MapSelector.cpp">
      <Filter>Source Files</Filter>
    </ClCompile>
    <ClCompile Include="..\Code\MenuDropdown.cpp">
      <Filter>Source Files</Filter>
    </ClCompile>
    <ClCompile Include="..\Code\Minimap.cpp">
      <Filter>Source Files</Filter>
    </ClCompile>
    <ClCompile Include="..\Code\MomentaScene.cpp">
      <Filter>Source Files</Filter>
    </ClCompile>
    <ClCompile Include="..\Code\MomentumBar.cpp">
      <Filter>Source Files</Filter>
    </ClCompile>
    <ClCompile Include="..\Code\MotionGhostEffect.cpp">
      <Filter>Source Files</Filter>
    </ClCompile>
    <ClCompile Include="..\Code\Movable.cpp">
      <Filter>Source Files</Filter>
    </ClCompile>
    <ClCompile Include="..\Code\Movement.cpp">
      <Filter>Source Files</Filter>
    </ClCompile>
    <ClCompile Include="..\Code\Mover.cpp">
      <Filter>Source Files</Filter>
    </ClCompile>
    <ClCompile Include="..\Code\MovingGeo.cpp">
      <Filter>Source Files</Filter>
    </ClCompile>
    <ClCompile Include="..\Code\MultiLoadingScreen.cpp">
      <Filter>Source Files</Filter>
    </ClCompile>
    <ClCompile Include="..\Code\MultiSelectionSection.cpp">
      <Filter>Source Files</Filter>
    </ClCompile>
    <ClCompile Include="..\Code\MusicPlayer.cpp">
      <Filter>Source Files</Filter>
    </ClCompile>
    <ClCompile Include="..\Code\MusicSelector.cpp">
      <Filter>Source Files</Filter>
    </ClCompile>
    <ClCompile Include="..\Code\MusicSelectorUI.cpp">
      <Filter>Source Files</Filter>
    </ClCompile>
    <ClCompile Include="..\Code\Nexus.cpp">
      <Filter>Source Files</Filter>
    </ClCompile>
    <ClCompile Include="..\Code\NexusCoreSeq.cpp">
      <Filter>Source Files</Filter>
    </ClCompile>
    <ClCompile Include="..\Code\NodeGroup.cpp">
      <Filter>Source Files</Filter>
    </ClCompile>
    <ClCompile Include="..\Code\ObjectPool.cpp">
      <Filter>Source Files</Filter>
    </ClCompile>
    <ClCompile Include="..\Code\OptionsMenuScreen.cpp">
      <Filter>Source Files</Filter>
    </ClCompile>
    <ClCompile Include="..\Code\PaletteShader.cpp">
      <Filter>Source Files</Filter>
    </ClCompile>
    <ClCompile Include="..\Code\Panel.cpp">
      <Filter>Source Files</Filter>
    </ClCompile>
    <ClCompile Include="..\Code\PanelMember.cpp">
      <Filter>Source Files</Filter>
    </ClCompile>
    <ClCompile Include="..\Code\PanelSlider.cpp">
      <Filter>Source Files</Filter>
    </ClCompile>
    <ClCompile Include="..\Code\PanInfo.cpp">
      <Filter>Source Files</Filter>
    </ClCompile>
    <ClCompile Include="..\Code\ParticleEffects.cpp">
      <Filter>Source Files</Filter>
    </ClCompile>
    <ClCompile Include="..\Code\PauseMenu.cpp">
      <Filter>Source Files</Filter>
    </ClCompile>
    <ClCompile Include="..\Code\Physics.cpp">
      <Filter>Source Files</Filter>
    </ClCompile>
    <ClCompile Include="..\Code\PlayerChar.cpp">
      <Filter>Source Files</Filter>
    </ClCompile>
    <ClCompile Include="..\Code\PlayerRecord.cpp">
      <Filter>Source Files</Filter>
    </ClCompile>
    <ClCompile Include="..\Code\PlayerSkinShader.cpp">
      <Filter>Source Files</Filter>
    </ClCompile>
    <ClCompile Include="..\Code\PoiInfo.cpp">
      <Filter>Source Files</Filter>
    </ClCompile>
    <ClCompile Include="..\Code\PositionInfo.cpp">
      <Filter>Source Files</Filter>
    </ClCompile>
    <ClCompile Include="..\Code\PowerOrbs.cpp">
      <Filter>Source Files</Filter>
    </ClCompile>
    <ClCompile Include="..\Code\PowerSelectorHUD.cpp">
      <Filter>Source Files</Filter>
    </ClCompile>
    <ClCompile Include="..\Code\PowerSequence.cpp">
      <Filter>Source Files</Filter>
    </ClCompile>
    <ClCompile Include="..\Code\Primitive3D.cpp">
      <Filter>Source Files</Filter>
    </ClCompile>
    <ClCompile Include="..\Code\Projectile.cpp">
      <Filter>Source Files</Filter>
    </ClCompile>
    <ClCompile Include="..\Code\PS5Controller.cpp">
      <Filter>Source Files</Filter>
    </ClCompile>
    <ClCompile Include="..\Code\QuadTree.cpp">
      <Filter>Source Files</Filter>
    </ClCompile>
    <ClCompile Include="..\Code\RandomPicker.cpp">
      <Filter>Source Files</Filter>
    </ClCompile>
    <ClCompile Include="..\Code\SaveFile.cpp">
      <Filter>Source Files</Filter>
    </ClCompile>
    <ClCompile Include="..\Code\SaveMenuScreen.cpp">
      <Filter>Source Files</Filter>
    </ClCompile>
    <ClCompile Include="..\Code\SceneBG.cpp">
      <Filter>Source Files</Filter>
    </ClCompile>
    <ClCompile Include="..\Code\ScoreDisplay.cpp">
      <Filter>Source Files</Filter>
    </ClCompile>
    <ClCompile Include="..\Code\ScreenRecorder.cpp">
      <Filter>Source Files</Filter>
    </ClCompile>
    <ClCompile Include="..\Code\Sequence.cpp">
      <Filter>Source Files</Filter>
    </ClCompile>
    <ClCompile Include="..\Code\SequenceW1.cpp">
      <Filter>Source Files</Filter>
    </ClCompile>
    <ClCompile Include="..\Code\SequenceW2.cpp">
      <Filter>Source Files</Filter>
    </ClCompile>
    <ClCompile Include="..\Code\SequenceW3.cpp">
      <Filter>Source Files</Filter>
    </ClCompile>
    <ClCompile Include="..\Code\SequenceW4.cpp">
      <Filter>Source Files</Filter>
    </ClCompile>
    <ClCompile Include="..\Code\SequenceW5.cpp">
      <Filter>Source Files</Filter>
    </ClCompile>
    <ClCompile Include="..\Code\SequenceW6.cpp">
      <Filter>Source Files</Filter>
    </ClCompile>
    <ClCompile Include="..\Code\SequenceW7.cpp">
      <Filter>Source Files</Filter>
    </ClCompile>
    <ClCompile Include="..\Code\SequenceW8.cpp">
      <Filter>Source Files</Filter>
    </ClCompile>
    <ClCompile Include="..\Code\Session.cpp">
      <Filter>Source Files</Filter>
    </ClCompile>
    <ClCompile Include="..\Code\ShaderTester.cpp">
      <Filter>Source Files</Filter>
    </ClCompile>
    <ClCompile Include="..\Code\ShardMenu.cpp">
      <Filter>Source Files</Filter>
    </ClCompile>
    <ClCompile Include="..\Code\ShardSequence.cpp">
      <Filter>Source Files</Filter>
    </ClCompile>
    <ClCompile Include="..\Code\Shield.cpp">
      <Filter>Source Files</Filter>
    </ClCompile>
    <ClCompile Include="..\Code\ShipEnterSequence.cpp">
      <Filter>Source Files</Filter>
    </ClCompile>
    <ClCompile Include="..\Code\ShipExitSequence.cpp">
      <Filter>Source Files</Filter>
    </ClCompile>
    <ClCompile Include="..\Code\ShipPickup.cpp">
      <Filter>Source Files</Filter>
    </ClCompile>
    <ClCompile Include="..\Code\Shockwave.cpp">
      <Filter>Source Files</Filter>
    </ClCompile>
    <ClCompile Include="..\Code\SkinMenu.cpp">
      <Filter>Source Files</Filter>
    </ClCompile>
    <ClCompile Include="..\Code\Slider.cpp">
      <Filter>Source Files</Filter>
    </ClCompile>
    <ClCompile Include="..\Code\SoundManager.cpp">
      <Filter>Source Files</Filter>
    </ClCompile>
    <ClCompile Include="..\Code\SpecialMovingGeoGroup.cpp">
      <Filter>Source Files</Filter>
    </ClCompile>
    <ClCompile Include="..\Code\Spring.cpp">
      <Filter>Source Files</Filter>
    </ClCompile>
    <ClCompile Include="..\Code\StorySequence.cpp">
      <Filter>Source Files</Filter>
    </ClCompile>
    <ClCompile Include="..\Code\SummonGroup.cpp">
      <Filter>Source Files</Filter>
    </ClCompile>
    <ClCompile Include="..\Code\SuperSequence.cpp">
      <Filter>Source Files</Filter>
    </ClCompile>
    <ClCompile Include="..\Code\SurfaceMover.cpp">
      <Filter>Source Files</Filter>
    </ClCompile>
    <ClCompile Include="..\Code\TerrainDecor.cpp">
      <Filter>Source Files</Filter>
    </ClCompile>
    <ClCompile Include="..\Code\TerrainPolygon.cpp">
      <Filter>Source Files</Filter>
    </ClCompile>
    <ClCompile Include="..\Code\TextBox.cpp">
      <Filter>Source Files</Filter>
    </ClCompile>
    <ClCompile Include="..\Code\TextChooseRect.cpp">
      <Filter>Source Files</Filter>
    </ClCompile>
    <ClCompile Include="..\Code\Tileset.cpp">
      <Filter>Source Files</Filter>
    </ClCompile>
    <ClCompile Include="..\Code\TimerHUD.cpp">
      <Filter>Source Files</Filter>
    </ClCompile>
    <ClCompile Include="..\Code\TitleScreen.cpp">
      <Filter>Source Files</Filter>
    </ClCompile>
    <ClCompile Include="..\Code\ToolTip.cpp">
      <Filter>Source Files</Filter>
    </ClCompile>
    <ClCompile Include="..\Code\TopClouds.cpp">
      <Filter>Source Files</Filter>
    </ClCompile>
    <ClCompile Include="..\Code\TouchGrass.cpp">
      <Filter>Source Files</Filter>
    </ClCompile>
    <ClCompile Include="..\Code\TransformTools.cpp">
      <Filter>Source Files</Filter>
    </ClCompile>
    <ClCompile Include="..\Code\TriangleRandomizer.cpp">
      <Filter>Source Files</Filter>
    </ClCompile>
    <ClCompile Include="..\Code\TutorialBox.cpp">
      <Filter>Source Files</Filter>
    </ClCompile>
    <ClCompile Include="..\Code\TutorialSequence.cpp">
      <Filter>Source Files</Filter>
    </ClCompile>
    <ClCompile Include="..\Code\UIButton.cpp">
      <Filter>Source Files</Filter>
    </ClCompile>
    <ClCompile Include="..\Code\UICheckbox.cpp">
      <Filter>Source Files</Filter>
    </ClCompile>
    <ClCompile Include="..\Code\UIControlGrid.cpp">
      <Filter>Source Files</Filter>
    </ClCompile>
    <ClCompile Include="..\Code\UIHorizChooser.cpp">
      <Filter>Source Files</Filter>
    </ClCompile>
    <ClCompile Include="..\Code\UIMouse.cpp">
      <Filter>Source Files</Filter>
    </ClCompile>
    <ClCompile Include="..\Code\UIVerticalControlList.cpp">
      <Filter>Source Files</Filter>
    </ClCompile>
    <ClCompile Include="..\Code\UIWindow.cpp">
      <Filter>Source Files</Filter>
    </ClCompile>
    <ClCompile Include="..\Code\VectorMath.cpp">
      <Filter>Source Files</Filter>
    </ClCompile>
    <ClCompile Include="..\Code\VictoryScreen.cpp">
      <Filter>Source Files</Filter>
    </ClCompile>
    <ClCompile Include="..\Code\VisualEffects.cpp">
      <Filter>Source Files</Filter>
    </ClCompile>
    <ClCompile Include="..\Code\WarpTransitionSequence.cpp">
      <Filter>Source Files</Filter>
    </ClCompile>
    <ClCompile Include="..\Code\Wire.cpp">
      <Filter>Source Files</Filter>
    </ClCompile>
    <ClCompile Include="..\Code\WorkshopManager.cpp">
      <Filter>Source Files</Filter>
    </ClCompile>
    <ClCompile Include="..\Code\WorldMap.cpp">
      <Filter>Source Files</Filter>
    </ClCompile>
    <ClCompile Include="..\Code\WorldSelector.cpp">
      <Filter>Source Files</Filter>
    </ClCompile>
    <ClCompile Include="..\Code\Zone.cpp">
      <Filter>Source Files</Filter>
    </ClCompile>
    <ClCompile Include="..\Code\KinActions\Action_AIMWAIT.cpp">
      <Filter>Source Files</Filter>
    </ClCompile>
    <ClCompile Include="..\Code\KinActions\Action_AIRBLOCKDOWN.cpp">
      <Filter>Source Files</Filter>
    </ClCompile>
    <ClCompile Include="..\Code\KinActions\Action_AIRBLOCKDOWNFORWARD.cpp">
      <Filter>Source Files</Filter>
    </ClCompile>
    <ClCompile Include="..\Code\KinActions\Action_AIRBLOCKFORWARD.cpp">
      <Filter>Source Files</Filter>
    </ClCompile>
    <ClCompile Include="..\Code\KinActions\Action_AIRBLOCKUP.cpp">
      <Filter>Source Files</Filter>
    </ClCompile>
    <ClCompile Include="..\Code\KinActions\Action_AIRBLOCKUPFORWARD.cpp">
      <Filter>Source Files</Filter>
    </ClCompile>
    <ClCompile Include="..\Code\KinActions\Action_AIRDASH.cpp">
      <Filter>Source Files</Filter>
    </ClCompile>
    <ClCompile Include="..\Code\KinActions\Action_AIRHITSTUN.cpp">
      <Filter>Source Files</Filter>
    </ClCompile>
    <ClCompile Include="..\Code\KinActions\Action_AIRPARRY.cpp">
      <Filter>Source Files</Filter>
    </ClCompile>
    <ClCompile Include="..\Code\KinActions\Action_AUTORUN.cpp">
      <Filter>Source Files</Filter>
    </ClCompile>
    <ClCompile Include="..\Code\KinActions\Action_BACKWARDSDOUBLE.cpp">
      <Filter>Source Files</Filter>
    </ClCompile>
    <ClCompile Include="..\Code\KinActions\Action_BOOSTERBOUNCE.cpp">
      <Filter>Source Files</Filter>
    </ClCompile>
    <ClCompile Include="..\Code\KinActions\Action_BOOSTERBOUNCEGROUND.cpp">
      <Filter>Source Files</Filter>
    </ClCompile>
    <ClCompile Include="..\Code\KinActions\Action_BOUNCEAIR.cpp">
      <Filter>Source Files</Filter>
    </ClCompile>
    <ClCompile Include="..\Code\KinActions\Action_BOUNCEGROUND.cpp">
      <Filter>Source Files</Filter>
    </ClCompile>
    <ClCompile Include="..\Code\KinActions\Action_BOUNCEGROUNDEDWALL.cpp">
      <Filter>Source Files</Filter>
    </ClCompile>
    <ClCompile Include="..\Code\KinActions\Action_BRAKE.cpp">
      <Filter>Source Files</Filter>
    </ClCompile>
    <ClCompile Include="..\Code\KinActions\Action_DAIR.cpp">
      <Filter>Source Files</Filter>
    </ClCompile>
    <ClCompile Include="..\Code\KinActions\Action_DASH.cpp">
      <Filter>Source Files</Filter>
    </ClCompile>
    <ClCompile Include="..\Code\KinActions\Action_DASHATTACK.cpp">
      <Filter>Source Files</Filter>
    </ClCompile>
    <ClCompile Include="..\Code\KinActions\Action_DASHATTACK2.cpp">
      <Filter>Source Files</Filter>
    </ClCompile>
    <ClCompile Include="..\Code\KinActions\Action_DASHATTACK3.cpp">
      <Filter>Source Files</Filter>
    </ClCompile>
    <ClCompile Include="..\Code\KinActions\Action_DEATH.cpp">
      <Filter>Source Files</Filter>
    </ClCompile>
    <ClCompile Include="..\Code\KinActions\Action_DIAGDOWNATTACK.cpp">
      <Filter>Source Files</Filter>
    </ClCompile>
    <ClCompile Include="..\Code\KinActions\Action_DIAGUPATTACK.cpp">
      <Filter>Source Files</Filter>
    </ClCompile>
    <ClCompile Include="..\Code\KinActions\Action_DOUBLE.cpp">
      <Filter>Source Files</Filter>
    </ClCompile>
    <ClCompile Include="..\Code\KinActions\Action_ENTERNEXUS1.cpp">
      <Filter>Source Files</Filter>
    </ClCompile>
    <ClCompile Include="..\Code\KinActions\Action_EXIT.cpp">
      <Filter>Source Files</Filter>
    </ClCompile>
    <ClCompile Include="..\Code\KinActions\Action_EXITBOOST.cpp">
      <Filter>Source Files</Filter>
    </ClCompile>
    <ClCompile Include="..\Code\KinActions\Action_EXITWAIT.cpp">
      <Filter>Source Files</Filter>
    </ClCompile>
    <ClCompile Include="..\Code\KinActions\Action_FAIR.cpp">
      <Filter>Source Files</Filter>
    </ClCompile>
    <ClCompile Include="..\Code\KinActions\Action_FREEFLIGHT.cpp">
      <Filter>Source Files</Filter>
    </ClCompile>
    <ClCompile Include="..\Code\KinActions\Action_FREEFLIGHTSTUN.cpp">
      <Filter>Source Files</Filter>
    </ClCompile>
    <ClCompile Include="..\Code\KinActions\Action_GETPOWER_AIRDASH_FLIP.cpp">
      <Filter>Source Files</Filter>
    </ClCompile>
    <ClCompile Include="..\Code\KinActions\Action_GETPOWER_AIRDASH_MEDITATE.cpp">
      <Filter>Source Files</Filter>
    </ClCompile>
    <ClCompile Include="..\Code\KinActions\Action_GETSHARD.cpp">
      <Filter>Source Files</Filter>
    </ClCompile>
    <ClCompile Include="..\Code\KinActions\Action_GLIDE.cpp">
      <Filter>Source Files</Filter>
    </ClCompile>
    <ClCompile Include="..\Code\KinActions\Action_GOALKILL.cpp">
      <Filter>Source Files</Filter>
    </ClCompile>
    <ClCompile Include="..\Code\KinActions\Action_GOALKILL1.cpp">
      <Filter>Source Files</Filter>
    </ClCompile>
    <ClCompile Include="..\Code\KinActions\Action_GOALKILL2.cpp">
      <Filter>Source Files</Filter>
    </ClCompile>
    <ClCompile Include="..\Code\KinActions\Action_GOALKILL3.cpp">
      <Filter>Source Files</Filter>
    </ClCompile>
    <ClCompile Include="..\Code\KinActions\Action_GOALKILL4.cpp">
      <Filter>Source Files</Filter>
    </ClCompile>
    <ClCompile Include="..\Code\KinActions\Action_GOALKILLWAIT.cpp">
      <Filter>Source Files</Filter>
    </ClCompile>
    <ClCompile Include="..\Code\KinActions\Action_GRABSHIP.cpp">
      <Filter>Source Files</Filter>
    </ClCompile>
    <ClCompile Include="..\Code\KinActions\Action_GRAVREVERSE.cpp">
      <Filter>Source Files</Filter>
    </ClCompile>
    <ClCompile Include="..\Code\KinActions\Action_GRINDATTACK.cpp">
      <Filter>Source Files</Filter>
    </ClCompile>
    <ClCompile Include="..\Code\KinActions\Action_GRINDBALL.cpp">
      <Filter>Source Files</Filter>
    </ClCompile>
    <ClCompile Include="..\Code\KinActions\Action_GRINDLUNGE.cpp">
      <Filter>Source Files</Filter>
    </ClCompile>
    <ClCompile Include="..\Code\KinActions\Action_GRINDSLASH.cpp">
      <Filter>Source Files</Filter>
    </ClCompile>
    <ClCompile Include="..\Code\KinActions\Action_GROUNDBLOCKDOWN.cpp">
      <Filter>Source Files</Filter>
    </ClCompile>
    <ClCompile Include="..\Code\KinActions\Action_GROUNDBLOCKDOWNFORWARD.cpp">
      <Filter>Source Files</Filter>
    </ClCompile>
    <ClCompile Include="..\Code\KinActions\Action_GROUNDBLOCKFORWARD.cpp">
      <Filter>Source Files</Filter>
    </ClCompile>
    <ClCompile Include="..\Code\KinActions\Action_GROUNDBLOCKUP.cpp">
      <Filter>Source Files</Filter>
    </ClCompile>
    <ClCompile Include="..\Code\KinActions\Action_GROUNDBLOCKUPFORWARD.cpp">
      <Filter>Source Files</Filter>
    </ClCompile>
    <ClCompile Include="..\Code\KinActions\Action_GROUNDHITSTUN.cpp">
      <Filter>Source Files</Filter>
    </ClCompile>
    <ClCompile Include="..\Code\KinActions\Action_GROUNDPARRY.cpp">
      <Filter>Source Files</Filter>
    </ClCompile>
    <ClCompile Include="..\Code\KinActions\Action_GROUNDPARRYHIGH.cpp">
      <Filter>Source Files</Filter>
    </ClCompile>
    <ClCompile Include="..\Code\KinActions\Action_GROUNDPARRYLOW.cpp">
      <Filter>Source Files</Filter>
    </ClCompile>
    <ClCompile Include="..\Code\KinActions\Action_GROUNDTECHBACK.cpp">
      <Filter>Source Files</Filter>
    </ClCompile>
    <ClCompile Include="..\Code\KinActions\Action_GROUNDTECHFORWARD.cpp">
      <Filter>Source Files</Filter>
    </ClCompile>
    <ClCompile Include="..\Code\KinActions\Action_GROUNDTECHINPLACE.cpp">
      <Filter>Source Files</Filter>
    </ClCompile>
    <ClCompile Include="..\Code\KinActions\Action_HOMINGATTACK.cpp">
      <Filter>Source Files</Filter>
    </ClCompile>
    <ClCompile Include="..\Code\KinActions\Action_INTRO.cpp">
      <Filter>Source Files</Filter>
    </ClCompile>
    <ClCompile Include="..\Code\KinActions\Action_INTROBOOST.cpp">
      <Filter>Source Files</Filter>
    </ClCompile>
    <ClCompile Include="..\Code\KinActions\Action_JUMP.cpp">
      <Filter>Source Files</Filter>
    </ClCompile>
    <ClCompile Include="..\Code\KinActions\Action_JUMPSQUAT.cpp">
      <Filter>Source Files</Filter>
    </ClCompile>
    <ClCompile Include="..\Code\KinActions\Action_LAND.cpp">
      <Filter>Source Files</Filter>
    </ClCompile>
    <ClCompile Include="..\Code\KinActions\Action_LAND2.cpp">
      <Filter>Source Files</Filter>
    </ClCompile>
    <ClCompile Include="..\Code\KinActions\Action_LOCKEDRAILSLIDE.cpp">
      <Filter>Source Files</Filter>
    </ClCompile>
    <ClCompile Include="..\Code\KinActions\Action_NEXUSKILL.cpp">
      <Filter>Source Files</Filter>
    </ClCompile>
    <ClCompile Include="..\Code\KinActions\Action_RAILDASH.cpp">
      <Filter>Source Files</Filter>
    </ClCompile>
    <ClCompile Include="..\Code\KinActions\Action_RAILGRIND.cpp">
      <Filter>Source Files</Filter>
    </ClCompile>
    <ClCompile Include="..\Code\KinActions\Action_RAILSLIDE.cpp">
      <Filter>Source Files</Filter>
    </ClCompile>
    <ClCompile Include="..\Code\KinActions\Action_RIDESHIP.cpp">
      <Filter>Source Files</Filter>
    </ClCompile>
    <ClCompile Include="..\Code\KinActions\Action_RUN.cpp">
      <Filter>Source Files</Filter>
    </ClCompile>
    <ClCompile Include="..\Code\KinActions\Action_SEQ_CRAWLERFIGHT_DODGEBACK.cpp">
      <Filter>Source Files</Filter>
    </ClCompile>
    <ClCompile Include="..\Code\KinActions\Action_SEQ_CRAWLERFIGHT_LAND.cpp">
      <Filter>Source Files</Filter>
    </ClCompile>
    <ClCompile Include="..\Code\KinActions\Action_SEQ_CRAWLERFIGHT_STAND.cpp">
      <Filter>Source Files</Filter>
    </ClCompile>
    <ClCompile Include="..\Code\KinActions\Action_SEQ_CRAWLERFIGHT_STRAIGHTFALL.cpp">
      <Filter>Source Files</Filter>
    </ClCompile>
    <ClCompile Include="..\Code\KinActions\Action_SEQ_CRAWLERFIGHT_WALKFORWARDSLIGHTLY.cpp">
      <Filter>Source Files</Filter>
    </ClCompile>
    <ClCompile Include="..\Code\KinActions\Action_SEQ_CRAWLERFIGHT_WATCHANDWAITSURPRISED.cpp">
      <Filter>Source Files</Filter>
    </ClCompile>
    <ClCompile Include="..\Code\KinActions\Action_SEQ_ENTERCORE1.cpp">
      <Filter>Source Files</Filter>
    </ClCompile>
    <ClCompile Include="..\Code\KinActions\Action_SEQ_FADE_INTO_NEXUS.cpp">
      <Filter>Source Files</Filter>
    </ClCompile>
    <ClCompile Include="..\Code\KinActions\Action_SEQ_FLOAT_TO_NEXUS_OPENING.cpp">
      <Filter>Source Files</Filter>
    </ClCompile>
    <ClCompile Include="..\Code\KinActions\Action_SEQ_GATORSTUN.cpp">
      <Filter>Source Files</Filter>
    </ClCompile>
    <ClCompile Include="..\Code\KinActions\Action_SEQ_KINFALL.cpp">
      <Filter>Source Files</Filter>
    </ClCompile>
    <ClCompile Include="..\Code\KinActions\Action_SEQ_KINSTAND.cpp">
      <Filter>Source Files</Filter>
    </ClCompile>
    <ClCompile Include="..\Code\KinActions\Action_SEQ_KINTHROWN.cpp">
      <Filter>Source Files</Filter>
    </ClCompile>
    <ClCompile Include="..\Code\KinActions\Action_SEQ_KNEEL.cpp">
      <Filter>Source Files</Filter>
    </ClCompile>
    <ClCompile Include="..\Code\KinActions\Action_SEQ_KNEEL_TO_MEDITATE.cpp">
      <Filter>Source Files</Filter>
    </ClCompile>
    <ClCompile Include="..\Code\KinActions\Action_SEQ_LOOKUP.cpp">
      <Filter>Source Files</Filter>
    </ClCompile>
    <ClCompile Include="..\Code\KinActions\Action_SEQ_LOOKUPDISAPPEAR.cpp">
      <Filter>Source Files</Filter>
    </ClCompile>
    <ClCompile Include="..\Code\KinActions\Action_SEQ_MASKOFF.cpp">
      <Filter>Source Files</Filter>
    </ClCompile>
    <ClCompile Include="..\Code\KinActions\Action_SEQ_MEDITATE.cpp">
      <Filter>Source Files</Filter>
    </ClCompile>
    <ClCompile Include="..\Code\KinActions\Action_SEQ_MEDITATE_MASKON.cpp">
      <Filter>Source Files</Filter>
    </ClCompile>
    <ClCompile Include="..\Code\KinActions\Action_SEQ_TURNFACE.cpp">
      <Filter>Source Files</Filter>
    </ClCompile>
    <ClCompile Include="..\Code\KinActions\Action_SEQ_WAIT.cpp">
      <Filter>Source Files</Filter>
    </ClCompile>
    <ClCompile Include="..\Code\KinActions\Action_SKYDIVE.cpp">
      <Filter>Source Files</Filter>
    </ClCompile>
    <ClCompile Include="..\Code\KinActions\Action_SKYDIVETOFALL.cpp">
      <Filter>Source Files</Filter>
    </ClCompile>
    <ClCompile Include="..\Code\KinActions\Action_SLIDE.cpp">
      <Filter>Source Files</Filter>
    </ClCompile>
    <ClCompile Include="..\Code\KinActions\Action_SPAWNWAIT.cpp">
      <Filter>Source Files</Filter>
    </ClCompile>
    <ClCompile Include="..\Code\KinActions\Action_SPRINGSTUN.cpp">
      <Filter>Source Files</Filter>
    </ClCompile>
    <ClCompile Include="..\Code\KinActions\Action_SPRINGSTUNAIM.cpp">
      <Filter>Source Files</Filter>
    </ClCompile>
    <ClCompile Include="..\Code\KinActions\Action_SPRINGSTUNAIRBOUNCE.cpp">
      <Filter>Source Files</Filter>
    </ClCompile>
    <ClCompile Include="..\Code\KinActions\Action_SPRINGSTUNAIRBOUNCEPAUSE.cpp">
      <Filter>Source Files</Filter>
    </ClCompile>
    <ClCompile Include="..\Code\KinActions\Action_SPRINGSTUNANNIHILATION.cpp">
      <Filter>Source Files</Filter>
    </ClCompile>
    <ClCompile Include="..\Code\KinActions\Action_SPRINGSTUNANNIHILATIONATTACK.cpp">
      <Filter>Source Files</Filter>
    </ClCompile>
    <ClCompile Include="..\Code\KinActions\Action_SPRINGSTUNBOUNCE.cpp">
      <Filter>Source Files</Filter>
    </ClCompile>
    <ClCompile Include="..\Code\KinActions\Action_SPRINGSTUNBOUNCEGROUND.cpp">
      <Filter>Source Files</Filter>
    </ClCompile>
    <ClCompile Include="..\Code\KinActions\Action_SPRINGSTUNGLIDE.cpp">
      <Filter>Source Files</Filter>
    </ClCompile>
    <ClCompile Include="..\Code\KinActions\Action_SPRINGSTUNGRIND.cpp">
      <Filter>Source Files</Filter>
    </ClCompile>
    <ClCompile Include="..\Code\KinActions\Action_SPRINGSTUNGRINDFLY.cpp">
      <Filter>Source Files</Filter>
    </ClCompile>
    <ClCompile Include="..\Code\KinActions\Action_SPRINGSTUNHOMING.cpp">
      <Filter>Source Files</Filter>
    </ClCompile>
    <ClCompile Include="..\Code\KinActions\Action_SPRINGSTUNHOMINGATTACK.cpp">
      <Filter>Source Files</Filter>
    </ClCompile>
    <ClCompile Include="..\Code\KinActions\Action_SPRINGSTUNTELEPORT.cpp">
      <Filter>Source Files</Filter>
    </ClCompile>
    <ClCompile Include="..\Code\KinActions\Action_SPRINT.cpp">
      <Filter>Source Files</Filter>
    </ClCompile>
    <ClCompile Include="..\Code\KinActions\Action_STAND.cpp">
      <Filter>Source Files</Filter>
    </ClCompile>
    <ClCompile Include="..\Code\KinActions\Action_STANDATTACK1.cpp">
      <Filter>Source Files</Filter>
    </ClCompile>
    <ClCompile Include="..\Code\KinActions\Action_STANDATTACK2.cpp">
      <Filter>Source Files</Filter>
    </ClCompile>
    <ClCompile Include="..\Code\KinActions\Action_STANDATTACK3.cpp">
      <Filter>Source Files</Filter>
    </ClCompile>
    <ClCompile Include="..\Code\KinActions\Action_STANDATTACK4.cpp">
      <Filter>Source Files</Filter>
    </ClCompile>
    <ClCompile Include="..\Code\KinActions\Action_STEEPCLIMB.cpp">
      <Filter>Source Files</Filter>
    </ClCompile>
    <ClCompile Include="..\Code\KinActions\Action_STEEPCLIMBATTACK.cpp">
      <Filter>Source Files</Filter>
    </ClCompile>
    <ClCompile Include="..\Code\KinActions\Action_STEEPCLING.cpp">
      <Filter>Source Files</Filter>
    </ClCompile>
    <ClCompile Include="..\Code\KinActions\Action_STEEPSLIDE.cpp">
      <Filter>Source Files</Filter>
    </ClCompile>
    <ClCompile Include="..\Code\KinActions\Action_STEEPSLIDEATTACK.cpp">
      <Filter>Source Files</Filter>
    </ClCompile>
    <ClCompile Include="..\Code\KinActions\Action_SUPERBIRD.cpp">
      <Filter>Source Files</Filter>
    </ClCompile>
    <ClCompile Include="..\Code\KinActions\Action_SWINGSTUN.cpp">
      <Filter>Source Files</Filter>
    </ClCompile>
    <ClCompile Include="..\Code\KinActions\Action_TELEPORTACROSSTERRAIN.cpp">
      <Filter>Source Files</Filter>
    </ClCompile>
    <ClCompile Include="..\Code\KinActions\Action_TESTSUPER.cpp">
      <Filter>Source Files</Filter>
    </ClCompile>
    <ClCompile Include="..\Code\KinActions\Action_UAIR.cpp">
      <Filter>Source Files</Filter>
    </ClCompile>
    <ClCompile Include="..\Code\KinActions\Action_UPTILT1.cpp">
      <Filter>Source Files</Filter>
    </ClCompile>
    <ClCompile Include="..\Code\KinActions\Action_UPTILT2.cpp">
      <Filter>Source Files</Filter>
    </ClCompile>
    <ClCompile Include="..\Code\KinActions\Action_UPTILT3.cpp">
      <Filter>Source Files</Filter>
    </ClCompile>
    <ClCompile Include="..\Code\KinActions\Action_WAITFORSHIP.cpp">
      <Filter>Source Files</Filter>
    </ClCompile>
    <ClCompile Include="..\Code\KinActions\Action_WALLATTACK.cpp">
      <Filter>Source Files</Filter>
    </ClCompile>
    <ClCompile Include="..\Code\KinActions\Action_WALLCLING.cpp">
      <Filter>Source Files</Filter>
    </ClCompile>
    <ClCompile Include="..\Code\KinActions\Action_WALLJUMP.cpp">
      <Filter>Source Files</Filter>
    </ClCompile>
    <ClCompile Include="..\Code\KinActions\Action_WALLTECH.cpp">
      <Filter>Source Files</Filter>
    </ClCompile>
    <ClCompile Include="..\Code\KinActions\Action_WATERGLIDE.cpp">
      <Filter>Source Files</Filter>
    </ClCompile>
    <ClCompile Include="..\Code\KinActions\Action_WIREHOLD.cpp">
      <Filter>Source Files</Filter>
    </ClCompile>
    <ClCompile Include="..\Code\GCC\GCController.cpp">
      <Filter>Source Files</Filter>
    </ClCompile>
    <ClCompile Include="..\Code\GCC\USBDriver.cpp">
      <Filter>Source Files</Filter>
    </ClCompile>
    <ClCompile Include="..\Code\GCC\VJoyGCController.cpp">
      <Filter>Source Files</Filter>
    </ClCompile>
  </ItemGroup>
  <ItemGroup>
    <ClInclude Include="..\Code\AbsorbParticles.h">
      <Filter>Source Files</Filter>
    </ClInclude>
    <ClInclude Include="..\Code\Action.h">
      <Filter>Source Files</Filter>
    </ClInclude>
    <ClInclude Include="..\Code\Actor.h">
      <Filter>Source Files</Filter>
    </ClInclude>
    <ClInclude Include="..\Code\ActorParams.h">
      <Filter>Source Files</Filter>
    </ClInclude>
    <ClInclude Include="..\Code\ActorParamsBase.h">
      <Filter>Source Files</Filter>
    </ClInclude>
    <ClInclude Include="..\Code\AdventureCreator.h">
      <Filter>Source Files</Filter>
    </ClInclude>
    <ClInclude Include="..\Code\AirParticles.h">
      <Filter>Source Files</Filter>
    </ClInclude>
    <ClInclude Include="..\Code\AirTrigger.h">
      <Filter>Source Files</Filter>
    </ClInclude>
    <ClInclude Include="..\Code\AppClientID.h">
      <Filter>Source Files</Filter>
    </ClInclude>
    <ClInclude Include="..\Code\Aura.h">
      <Filter>Source Files</Filter>
    </ClInclude>
    <ClInclude Include="..\Code\Background.h">
      <Filter>Source Files</Filter>
    </ClInclude>
    <ClInclude Include="..\Code\Ball.h">
      <Filter>Source Files</Filter>
    </ClInclude>
    <ClInclude Include="..\Code\Barrier.h">
      <Filter>Source Files</Filter>
    </ClInclude>
    <ClInclude Include="..\Code\BarrierReactions.h">
      <Filter>Source Files</Filter>
    </ClInclude>
    <ClInclude Include="..\Code\BitField.h">
      <Filter>Source Files</Filter>
    </ClInclude>
    <ClInclude Include="..\Code\BonusHandler.h">
      <Filter>Source Files</Filter>
    </ClInclude>
    <ClInclude Include="..\Code\Boss.h">
      <Filter>Source Files</Filter>
    </ClInclude>
    <ClInclude Include="..\Code\BossCommand.h">
      <Filter>Source Files</Filter>
    </ClInclude>
    <ClInclude Include="..\Code\BossHealth.h">
      <Filter>Source Files</Filter>
    </ClInclude>
    <ClInclude Include="..\Code\BossStageManager.h">
      <Filter>Source Files</Filter>
    </ClInclude>
    <ClInclude Include="..\Code\BrushManager.h">
      <Filter>Source Files</Filter>
    </ClInclude>
    <ClInclude Include="..\Code\Buf.h">
      <Filter>Source Files</Filter>
    </ClInclude>
    <ClInclude Include="..\Code\Bullet.h">
      <Filter>Source Files</Filter>
    </ClInclude>
    <ClInclude Include="..\Code\ButtonHolder.h">
      <Filter>Source Files</Filter>
    </ClInclude>
    <ClInclude Include="..\Code\Camera.h">
      <Filter>Source Files</Filter>
    </ClInclude>
    <ClInclude Include="..\Code\CharacterAnimator.h">
      <Filter>Source Files</Filter>
    </ClInclude>
    <ClInclude Include="..\Code\CircleGroup.h">
      <Filter>Source Files</Filter>
    </ClInclude>
    <ClInclude Include="..\Code\clipper.hpp">
      <Filter>Source Files</Filter>
    </ClInclude>
    <ClInclude Include="..\Code\ColorShifter.h">
      <Filter>Source Files</Filter>
    </ClInclude>
    <ClInclude Include="..\Code\Config.h">
      <Filter>Source Files</Filter>
    </ClInclude>
    <ClInclude Include="..\Code\ControllerOptions.h">
      <Filter>Source Files</Filter>
    </ClInclude>
    <ClInclude Include="..\Code\ControlProfile.h">
      <Filter>Source Files</Filter>
    </ClInclude>
    <ClInclude Include="..\Code\ControlSettingsMenu.h">
      <Filter>Source Files</Filter>
    </ClInclude>
    <ClInclude Include="..\Code\CustomMapClient.h">
      <Filter>Source Files</Filter>
    </ClInclude>
    <ClInclude Include="..\Code\CustomMapDisplay.h">
      <Filter>Source Files</Filter>
    </ClInclude>
    <ClInclude Include="..\Code\DeathSequence.h">
      <Filter>Source Files</Filter>
    </ClInclude>
    <ClInclude Include="..\Code\DecorTypes.h">
      <Filter>Source Files</Filter>
    </ClInclude>
    <ClInclude Include="..\Code\earcut.hpp">
      <Filter>Source Files</Filter>
    </ClInclude>
    <ClInclude Include="..\Code\EditorActors.h">
      <Filter>Source Files</Filter>
    </ClInclude>
    <ClInclude Include="..\Code\EditorDecorInfo.h">
      <Filter>Source Files</Filter>
    </ClInclude>
    <ClInclude Include="..\Code\EditorGateInfo.h">
      <Filter>Source Files</Filter>
    </ClInclude>
    <ClInclude Include="..\Code\EditorGraph.h">
      <Filter>Source Files</Filter>
    </ClInclude>
    <ClInclude Include="..\Code\EditorPlayerTracker.h">
      <Filter>Source Files</Filter>
    </ClInclude>
    <ClInclude Include="..\Code\EditorRail.h">
      <Filter>Source Files</Filter>
    </ClInclude>
    <ClInclude Include="..\Code\EditorTerrain.h">
      <Filter>Source Files</Filter>
    </ClInclude>
    <ClInclude Include="..\Code\EditSession.h">
      <Filter>Source Files</Filter>
    </ClInclude>
    <ClInclude Include="..\Code\EffectLayer.h">
      <Filter>Source Files</Filter>
    </ClInclude>
    <ClInclude Include="..\Code\EnemiesW1.h">
      <Filter>Source Files</Filter>
    </ClInclude>
    <ClInclude Include="..\Code\EnemiesW2.h">
      <Filter>Source Files</Filter>
    </ClInclude>
    <ClInclude Include="..\Code\EnemiesW3.h">
      <Filter>Source Files</Filter>
    </ClInclude>
    <ClInclude Include="..\Code\EnemiesW4.h">
      <Filter>Source Files</Filter>
    </ClInclude>
    <ClInclude Include="..\Code\EnemiesW5.h">
      <Filter>Source Files</Filter>
    </ClInclude>
    <ClInclude Include="..\Code\EnemiesW6.h">
      <Filter>Source Files</Filter>
    </ClInclude>
    <ClInclude Include="..\Code\EnemiesW7.h">
      <Filter>Source Files</Filter>
    </ClInclude>
    <ClInclude Include="..\Code\EnemiesW8.h">
      <Filter>Source Files</Filter>
    </ClInclude>
    <ClInclude Include="..\Code\Enemy.h">
      <Filter>Source Files</Filter>
    </ClInclude>
    <ClInclude Include="..\Code\Enemy_AimLauncher.h">
      <Filter>Source Files</Filter>
    </ClInclude>
    <ClInclude Include="..\Code\Enemy_Airdasher.h">
      <Filter>Source Files</Filter>
    </ClInclude>
    <ClInclude Include="..\Code\Enemy_AntiTimeSlowBooster.h">
      <Filter>Source Files</Filter>
    </ClInclude>
    <ClInclude Include="..\Code\Enemy_AppearingShape.h">
      <Filter>Source Files</Filter>
    </ClInclude>
    <ClInclude Include="..\Code\Enemy_AttractJuggler.h">
      <Filter>Source Files</Filter>
    </ClInclude>
    <ClInclude Include="..\Code\Enemy_BabyScorpion.h">
      <Filter>Source Files</Filter>
    </ClInclude>
    <ClInclude Include="..\Code\Enemy_Badger.h">
      <Filter>Source Files</Filter>
    </ClInclude>
    <ClInclude Include="..\Code\Enemy_BasicEffect.h">
      <Filter>Source Files</Filter>
    </ClInclude>
    <ClInclude Include="..\Code\Enemy_BasicTurret.h">
      <Filter>Source Files</Filter>
    </ClInclude>
    <ClInclude Include="..\Code\Enemy_Bat.h">
      <Filter>Source Files</Filter>
    </ClInclude>
    <ClInclude Include="..\Code\Enemy_BeamBomb.h">
      <Filter>Source Files</Filter>
    </ClInclude>
    <ClInclude Include="..\Code\Enemy_Bird.h">
      <Filter>Source Files</Filter>
    </ClInclude>
    <ClInclude Include="..\Code\Enemy_BirdShuriken.h">
      <Filter>Source Files</Filter>
    </ClInclude>
    <ClInclude Include="..\Code\Enemy_Blocker.h">
      <Filter>Source Files</Filter>
    </ClInclude>
    <ClInclude Include="..\Code\Enemy_Booster.h">
      <Filter>Source Files</Filter>
    </ClInclude>
    <ClInclude Include="..\Code\Enemy_BounceBooster.h">
      <Filter>Source Files</Filter>
    </ClInclude>
    <ClInclude Include="..\Code\Enemy_BounceFloater.h">
      <Filter>Source Files</Filter>
    </ClInclude>
    <ClInclude Include="..\Code\Enemy_BounceJuggler.h">
      <Filter>Source Files</Filter>
    </ClInclude>
    <ClInclude Include="..\Code\Enemy_Cactus.h">
      <Filter>Source Files</Filter>
    </ClInclude>
    <ClInclude Include="..\Code\Enemy_Cheetah.h">
      <Filter>Source Files</Filter>
    </ClInclude>
    <ClInclude Include="..\Code\Enemy_Chess.h">
      <Filter>Source Files</Filter>
    </ClInclude>
    <ClInclude Include="..\Code\Enemy_Comboer.h">
      <Filter>Source Files</Filter>
    </ClInclude>
    <ClInclude Include="..\Code\Enemy_ComboerTarget.h">
      <Filter>Source Files</Filter>
    </ClInclude>
    <ClInclude Include="..\Code\Enemy_Copycat.h">
      <Filter>Source Files</Filter>
    </ClInclude>
    <ClInclude Include="..\Code\Enemy_Coyote.h">
      <Filter>Source Files</Filter>
    </ClInclude>
    <ClInclude Include="..\Code\Enemy_CoyoteBullet.h">
      <Filter>Source Files</Filter>
    </ClInclude>
    <ClInclude Include="..\Code\Enemy_CoyoteHelper.h">
      <Filter>Source Files</Filter>
    </ClInclude>
    <ClInclude Include="..\Code\Enemy_CoyoteShockwave.h">
      <Filter>Source Files</Filter>
    </ClInclude>
    <ClInclude Include="..\Code\Enemy_Crawler.h">
      <Filter>Source Files</Filter>
    </ClInclude>
    <ClInclude Include="..\Code\Enemy_CrawlerQueen.h">
      <Filter>Source Files</Filter>
    </ClInclude>
    <ClInclude Include="..\Code\Enemy_CurveTurret.h">
      <Filter>Source Files</Filter>
    </ClInclude>
    <ClInclude Include="..\Code\Enemy_DimensionExit.h">
      <Filter>Source Files</Filter>
    </ClInclude>
    <ClInclude Include="..\Code\Enemy_DimensionEye.h">
      <Filter>Source Files</Filter>
    </ClInclude>
    <ClInclude Include="..\Code\Enemy_ExplodingBarrel.h">
      <Filter>Source Files</Filter>
    </ClInclude>
    <ClInclude Include="..\Code\Enemy_Falcon.h">
      <Filter>Source Files</Filter>
    </ClInclude>
    <ClInclude Include="..\Code\Enemy_Firefly.h">
      <Filter>Source Files</Filter>
    </ClInclude>
    <ClInclude Include="..\Code\Enemy_FreeFlightBooster.h">
      <Filter>Source Files</Filter>
    </ClInclude>
    <ClInclude Include="..\Code\Enemy_FreeFlightTarget.h">
      <Filter>Source Files</Filter>
    </ClInclude>
    <ClInclude Include="..\Code\Enemy_FutureChecker.h">
      <Filter>Source Files</Filter>
    </ClInclude>
    <ClInclude Include="..\Code\Enemy_Gator.h">
      <Filter>Source Files</Filter>
    </ClInclude>
    <ClInclude Include="..\Code\Enemy_GatorSuperOrb.h">
      <Filter>Source Files</Filter>
    </ClInclude>
    <ClInclude Include="..\Code\Enemy_GatorWaterOrb.h">
      <Filter>Source Files</Filter>
    </ClInclude>
    <ClInclude Include="..\Code\Enemy_Ghost.h">
      <Filter>Source Files</Filter>
    </ClInclude>
    <ClInclude Include="..\Code\Enemy_GlideTarget.h">
      <Filter>Source Files</Filter>
    </ClInclude>
    <ClInclude Include="..\Code\Enemy_Goal.h">
      <Filter>Source Files</Filter>
    </ClInclude>
    <ClInclude Include="..\Code\Enemy_Gorilla.h">
      <Filter>Source Files</Filter>
    </ClInclude>
    <ClInclude Include="..\Code\Enemy_GravityFaller.h">
      <Filter>Source Files</Filter>
    </ClInclude>
    <ClInclude Include="..\Code\Enemy_GravityJuggler.h">
      <Filter>Source Files</Filter>
    </ClInclude>
    <ClInclude Include="..\Code\Enemy_GravityModifier.h">
      <Filter>Source Files</Filter>
    </ClInclude>
    <ClInclude Include="..\Code\Enemy_GreyEye.h">
      <Filter>Source Files</Filter>
    </ClInclude>
    <ClInclude Include="..\Code\Enemy_GreySkeleton.h">
      <Filter>Source Files</Filter>
    </ClInclude>
    <ClInclude Include="..\Code\Enemy_GrindJuggler.h">
      <Filter>Source Files</Filter>
    </ClInclude>
    <ClInclude Include="..\Code\Enemy_GroundedGrindJuggler.h">
      <Filter>Source Files</Filter>
    </ClInclude>
    <ClInclude Include="..\Code\Enemy_GrowingTree.h">
      <Filter>Source Files</Filter>
    </ClInclude>
    <ClInclude Include="..\Code\Enemy_Hand.h">
      <Filter>Source Files</Filter>
    </ClInclude>
    <ClInclude Include="..\Code\Enemy_HealthFly.h">
      <Filter>Source Files</Filter>
    </ClInclude>
    <ClInclude Include="..\Code\Enemy_HomingBooster.h">
      <Filter>Source Files</Filter>
    </ClInclude>
    <ClInclude Include="..\Code\Enemy_HungryComboer.h">
      <Filter>Source Files</Filter>
    </ClInclude>
    <ClInclude Include="..\Code\Enemy_KeyFly.h">
      <Filter>Source Files</Filter>
    </ClInclude>
    <ClInclude Include="..\Code\Enemy_LaserJays.h">
      <Filter>Source Files</Filter>
    </ClInclude>
    <ClInclude Include="..\Code\Enemy_Lizard.h">
      <Filter>Source Files</Filter>
    </ClInclude>
    <ClInclude Include="..\Code\Enemy_LobTurret.h">
      <Filter>Source Files</Filter>
    </ClInclude>
    <ClInclude Include="..\Code\Enemy_LogItem.h">
      <Filter>Source Files</Filter>
    </ClInclude>
    <ClInclude Include="..\Code\Enemy_MomentumBooster.h">
      <Filter>Source Files</Filter>
    </ClInclude>
    <ClInclude Include="..\Code\Enemy_MovementTester.h">
      <Filter>Source Files</Filter>
    </ClInclude>
    <ClInclude Include="..\Code\Enemy_MultiplayerBase.h">
      <Filter>Source Files</Filter>
    </ClInclude>
    <ClInclude Include="..\Code\Enemy_MultiplayerProgressTarget.h">
      <Filter>Source Files</Filter>
    </ClInclude>
    <ClInclude Include="..\Code\Enemy_Owl.h">
      <Filter>Source Files</Filter>
    </ClInclude>
    <ClInclude Include="..\Code\Enemy_PalmTurret.h">
      <Filter>Source Files</Filter>
    </ClInclude>
    <ClInclude Include="..\Code\Enemy_Parrot.h">
      <Filter>Source Files</Filter>
    </ClInclude>
    <ClInclude Include="..\Code\Enemy_Patroller.h">
      <Filter>Source Files</Filter>
    </ClInclude>
    <ClInclude Include="..\Code\Enemy_PhaseBooster.h">
      <Filter>Source Files</Filter>
    </ClInclude>
    <ClInclude Include="..\Code\Enemy_PoisonFrog.h">
      <Filter>Source Files</Filter>
    </ClInclude>
    <ClInclude Include="..\Code\Enemy_PowerItem.h">
      <Filter>Source Files</Filter>
    </ClInclude>
    <ClInclude Include="..\Code\Enemy_PredictTurret.h">
      <Filter>Source Files</Filter>
    </ClInclude>
    <ClInclude Include="..\Code\Enemy_Pufferfish.h">
      <Filter>Source Files</Filter>
    </ClInclude>
    <ClInclude Include="..\Code\Enemy_PulseAttack.h">
      <Filter>Source Files</Filter>
    </ClInclude>
    <ClInclude Include="..\Code\Enemy_QueenFloatingBomb.h">
      <Filter>Source Files</Filter>
    </ClInclude>
    <ClInclude Include="..\Code\Enemy_RaceFightTarget.h">
      <Filter>Source Files</Filter>
    </ClInclude>
    <ClInclude Include="..\Code\Enemy_RelativeComboer.h">
      <Filter>Source Files</Filter>
    </ClInclude>
    <ClInclude Include="..\Code\Enemy_RemoteComboer.h">
      <Filter>Source Files</Filter>
    </ClInclude>
    <ClInclude Include="..\Code\Enemy_RewindBooster.h">
      <Filter>Source Files</Filter>
    </ClInclude>
    <ClInclude Include="..\Code\Enemy_Roadrunner.h">
      <Filter>Source Files</Filter>
    </ClInclude>
    <ClInclude Include="..\Code\Enemy_ScorpionLauncher.h">
      <Filter>Source Files</Filter>
    </ClInclude>
    <ClInclude Include="..\Code\Enemy_SequenceBird.h">
      <Filter>Source Files</Filter>
    </ClInclude>
    <ClInclude Include="..\Code\Enemy_SequenceCoyote.h">
      <Filter>Source Files</Filter>
    </ClInclude>
    <ClInclude Include="..\Code\Enemy_SequenceCrawler.h">
      <Filter>Source Files</Filter>
    </ClInclude>
    <ClInclude Include="..\Code\Enemy_SequenceGator.h">
      <Filter>Source Files</Filter>
    </ClInclude>
    <ClInclude Include="..\Code\Enemy_SequenceSkeleton.h">
      <Filter>Source Files</Filter>
    </ClInclude>
    <ClInclude Include="..\Code\Enemy_SequenceTiger.h">
      <Filter>Source Files</Filter>
    </ClInclude>
    <ClInclude Include="..\Code\Enemy_Shard.h">
      <Filter>Source Files</Filter>
    </ClInclude>
    <ClInclude Include="..\Code\Enemy_Shark.h">
      <Filter>Source Files</Filter>
    </ClInclude>
    <ClInclude Include="..\Code\Enemy_ShotgunTurret.h">
      <Filter>Source Files</Filter>
    </ClInclude>
    <ClInclude Include="..\Code\Enemy_Shroom.h">
      <Filter>Source Files</Filter>
    </ClInclude>
    <ClInclude Include="..\Code\Enemy_Skeleton.h">
      <Filter>Source Files</Filter>
    </ClInclude>
    <ClInclude Include="..\Code\Enemy_SkeletonLaser.h">
      <Filter>Source Files</Filter>
    </ClInclude>
    <ClInclude Include="..\Code\Enemy_Skunk.h">
      <Filter>Source Files</Filter>
    </ClInclude>
    <ClInclude Include="..\Code\Enemy_Specter.h">
      <Filter>Source Files</Filter>
    </ClInclude>
    <ClInclude Include="..\Code\Enemy_Spider.h">
      <Filter>Source Files</Filter>
    </ClInclude>
    <ClInclude Include="..\Code\Enemy_SplitComboer.h">
      <Filter>Source Files</Filter>
    </ClInclude>
    <ClInclude Include="..\Code\Enemy_Spring.h">
      <Filter>Source Files</Filter>
    </ClInclude>
    <ClInclude Include="..\Code\Enemy_StagBeetle.h">
      <Filter>Source Files</Filter>
    </ClInclude>
    <ClInclude Include="..\Code\Enemy_Swarm.h">
      <Filter>Source Files</Filter>
    </ClInclude>
    <ClInclude Include="..\Code\Enemy_SwingLauncher.h">
      <Filter>Source Files</Filter>
    </ClInclude>
    <ClInclude Include="..\Code\Enemy_SwordProjectile.h">
      <Filter>Source Files</Filter>
    </ClInclude>
    <ClInclude Include="..\Code\Enemy_SwordProjectileBooster.h">
      <Filter>Source Files</Filter>
    </ClInclude>
    <ClInclude Include="..\Code\Enemy_Teleporter.h">
      <Filter>Source Files</Filter>
    </ClInclude>
    <ClInclude Include="..\Code\Enemy_TetheredRusher.h">
      <Filter>Source Files</Filter>
    </ClInclude>
    <ClInclude Include="..\Code\Enemy_Thorn.h">
      <Filter>Source Files</Filter>
    </ClInclude>
    <ClInclude Include="..\Code\Enemy_Tiger.h">
      <Filter>Source Files</Filter>
    </ClInclude>
    <ClInclude Include="..\Code\Enemy_TigerFlameTarget.h">
      <Filter>Source Files</Filter>
    </ClInclude>
    <ClInclude Include="..\Code\Enemy_TigerGrindBullet.h">
      <Filter>Source Files</Filter>
    </ClInclude>
    <ClInclude Include="..\Code\Enemy_TigerSpinTurret.h">
      <Filter>Source Files</Filter>
    </ClInclude>
    <ClInclude Include="..\Code\Enemy_TigerTarget.h">
      <Filter>Source Files</Filter>
    </ClInclude>
    <ClInclude Include="..\Code\Enemy_TimeBooster.h">
      <Filter>Source Files</Filter>
    </ClInclude>
    <ClInclude Include="..\Code\Enemy_Trailer.h">
      <Filter>Source Files</Filter>
    </ClInclude>
    <ClInclude Include="..\Code\Enemy_Turtle.h">
      <Filter>Source Files</Filter>
    </ClInclude>
    <ClInclude Include="..\Code\Enemy_TutorialObject.h">
      <Filter>Source Files</Filter>
    </ClInclude>
    <ClInclude Include="..\Code\Enemy_Widow.h">
      <Filter>Source Files</Filter>
    </ClInclude>
    <ClInclude Include="..\Code\Enemy_WireJuggler.h">
      <Filter>Source Files</Filter>
    </ClInclude>
    <ClInclude Include="..\Code\EnemyChain.h">
      <Filter>Source Files</Filter>
    </ClInclude>
    <ClInclude Include="..\Code\EnemyMover.h">
      <Filter>Source Files</Filter>
    </ClInclude>
    <ClInclude Include="..\Code\EnemyTracker.h">
      <Filter>Source Files</Filter>
    </ClInclude>
    <ClInclude Include="..\Code\EnemyTypes.h">
      <Filter>Source Files</Filter>
    </ClInclude>
    <ClInclude Include="..\Code\EnemyW4.h">
      <Filter>Source Files</Filter>
    </ClInclude>
    <ClInclude Include="..\Code\EnvEffects.h">
      <Filter>Source Files</Filter>
    </ClInclude>
    <ClInclude Include="..\Code\EnvPlant.h">
      <Filter>Source Files</Filter>
    </ClInclude>
    <ClInclude Include="..\Code\Eye.h">
      <Filter>Source Files</Filter>
    </ClInclude>
    <ClInclude Include="..\Code\Fader.h">
      <Filter>Source Files</Filter>
    </ClInclude>
    <ClInclude Include="..\Code\Feedback.h">
      <Filter>Source Files</Filter>
    </ClInclude>
    <ClInclude Include="..\Code\FileChooser.h">
      <Filter>Source Files</Filter>
    </ClInclude>
    <ClInclude Include="..\Code\flow.h">
      <Filter>Source Files</Filter>
    </ClInclude>
    <ClInclude Include="..\Code\FlowerPod.h">
      <Filter>Source Files</Filter>
    </ClInclude>
    <ClInclude Include="..\Code\FPoint.h">
      <Filter>Source Files</Filter>
    </ClInclude>
    <ClInclude Include="..\Code\GameMode.h">
      <Filter>Source Files</Filter>
    </ClInclude>
    <ClInclude Include="..\Code\GameSession.h">
      <Filter>Source Files</Filter>
    </ClInclude>
    <ClInclude Include="..\Code\Gate.h">
      <Filter>Source Files</Filter>
    </ClInclude>
    <ClInclude Include="..\Code\GateMarker.h">
      <Filter>Source Files</Filter>
    </ClInclude>
    <ClInclude Include="..\Code\GGPO.h">
      <Filter>Source Files</Filter>
    </ClInclude>
    <ClInclude Include="..\Code\globals.h">
      <Filter>Source Files</Filter>
    </ClInclude>
    <ClInclude Include="..\Code\GoalExplosion.h">
      <Filter>Source Files</Filter>
    </ClInclude>
    <ClInclude Include="..\Code\GoalFlow.h">
      <Filter>Source Files</Filter>
    </ClInclude>
    <ClInclude Include="..\Code\Grass.h">
      <Filter>Source Files</Filter>
    </ClInclude>
    <ClInclude Include="..\Code\GreyWarpSequence.h">
      <Filter>Source Files</Filter>
    </ClInclude>
    <ClInclude Include="..\Code\GroundedWarper.h">
      <Filter>Source Files</Filter>
    </ClInclude>
    <ClInclude Include="..\Code\GroundTrigger.h">
      <Filter>Source Files</Filter>
    </ClInclude>
    <ClInclude Include="..\Code\GUI.h">
      <Filter>Source Files</Filter>
    </ClInclude>
    <ClInclude Include="..\Code\HitboxManager.h">
      <Filter>Source Files</Filter>
    </ClInclude>
    <ClInclude Include="..\Code\HUD.h">
      <Filter>Source Files</Filter>
    </ClInclude>
    <ClInclude Include="..\Code\ImageText.h">
      <Filter>Source Files</Filter>
    </ClInclude>
    <ClInclude Include="..\Code\Input.h">
      <Filter>Source Files</Filter>
    </ClInclude>
    <ClInclude Include="..\Code\InputVisualizer.h">
      <Filter>Source Files</Filter>
    </ClInclude>
    <ClInclude Include="..\Code\IntroMovie.h">
      <Filter>Source Files</Filter>
    </ClInclude>
    <ClInclude Include="..\Code\ISelectable.h">
      <Filter>Source Files</Filter>
    </ClInclude>
    <ClInclude Include="..\Code\ItemSelector.h">
      <Filter>Source Files</Filter>
    </ClInclude>
    <ClInclude Include="..\Code\Julia.h">
      <Filter>Source Files</Filter>
    </ClInclude>
    <ClInclude Include="..\Code\KeyMarker.h">
      <Filter>Source Files</Filter>
    </ClInclude>
    <ClInclude Include="..\Code\KinBoostScreen.h">
      <Filter>Source Files</Filter>
    </ClInclude>
    <ClInclude Include="..\Code\KinMenu.h">
      <Filter>Source Files</Filter>
    </ClInclude>
    <ClInclude Include="..\Code\LevelSelector.h">
      <Filter>Source Files</Filter>
    </ClInclude>
    <ClInclude Include="..\Code\LevelServer.h">
      <Filter>Source Files</Filter>
    </ClInclude>
    <ClInclude Include="..\Code\Light.h">
      <Filter>Source Files</Filter>
    </ClInclude>
    <ClInclude Include="..\Code\LoadingBackpack.h">
      <Filter>Source Files</Filter>
    </ClInclude>
    <ClInclude Include="..\Code\LogInfo.h">
      <Filter>Source Files</Filter>
    </ClInclude>
    <ClInclude Include="..\Code\LogMenu.h">
      <Filter>Source Files</Filter>
    </ClInclude>
    <ClInclude Include="..\Code\MacInput.h">
      <Filter>Source Files</Filter>
    </ClInclude>
    <ClInclude Include="..\Code\MainMenu.h">
      <Filter>Source Files</Filter>
    </ClInclude>
    <ClInclude Include="..\Code\MapHeader.h">
      <Filter>Source Files</Filter>
    </ClInclude>
    <ClInclude Include="..\Code\Minimap.h">
      <Filter>Source Files</Filter>
    </ClInclude>
    <ClInclude Include="..\Code\MomentumBar.h">
      <Filter>Source Files</Filter>
    </ClInclude>
    <ClInclude Include="..\Code\MotionGhostEffect.h">
      <Filter>Source Files</Filter>
    </ClInclude>
    <ClInclude Include="..\Code\Movement.h">
      <Filter>Source Files</Filter>
    </ClInclude>
    <ClInclude Include="..\Code\Mover.h">
      <Filter>Source Files</Filter>
    </ClInclude>
    <ClInclude Include="..\Code\MovingGeo.h">
      <Filter>Source Files</Filter>
    </ClInclude>
    <ClInclude Include="..\Code\MusicPlayer.h">
      <Filter>Source Files</Filter>
    </ClInclude>
    <ClInclude Include="..\Code\MusicSelector.h">
      <Filter>Source Files</Filter>
    </ClInclude>
    <ClInclude Include="..\Code\Nexus.h">
      <Filter>Source Files</Filter>
    </ClInclude>
    <ClInclude Include="..\Code\NodeGroup.h">
      <Filter>Source Files</Filter>
    </ClInclude>
    <ClInclude Include="..\Code\ObjectPool.h">
      <Filter>Source Files</Filter>
    </ClInclude>
    <ClInclude Include="..\Code\ObjectProperties.h">
      <Filter>Source Files</Filter>
    </ClInclude>
    <ClInclude Include="..\Code\PaletteShader.h">
      <Filter>Source Files</Filter>
    </ClInclude>
    <ClInclude Include="..\Code\ParticleEffects.h">
      <Filter>Source Files</Filter>
    </ClInclude>
    <ClInclude Include="..\Code\ParticleHandler.h">
      <Filter>Source Files</Filter>
    </ClInclude>
    <ClInclude Include="..\Code\PauseMenu.h">
      <Filter>Source Files</Filter>
    </ClInclude>
    <ClInclude Include="..\Code\Physics.h">
      <Filter>Source Files</Filter>
    </ClInclude>
    <ClInclude Include="..\Code\PlayerChar.h">
      <Filter>Source Files</Filter>
    </ClInclude>
    <ClInclude Include="..\Code\PlayerRecord.h">
      <Filter>Source Files</Filter>
    </ClInclude>
    <ClInclude Include="..\Code\PlayerSkinShader.h">
      <Filter>Source Files</Filter>
    </ClInclude>
    <ClInclude Include="..\Code\PoiInfo.h">
      <Filter>Source Files</Filter>
    </ClInclude>
    <ClInclude Include="..\Code\PositionInfo.h">
      <Filter>Source Files</Filter>
    </ClInclude>
    <ClInclude Include="..\Code\PowerOrbs.h">
      <Filter>Source Files</Filter>
    </ClInclude>
    <ClInclude Include="..\Code\PowerSelectorHUD.h">
      <Filter>Source Files</Filter>
    </ClInclude>
    <ClInclude Include="..\Code\PowerSequence.h">
      <Filter>Source Files</Filter>
    </ClInclude>
    <ClInclude Include="..\Code\Primitive3D.h">
      <Filter>Source Files</Filter>
    </ClInclude>
    <ClInclude Include="..\Code\Projectile.h">
      <Filter>Source Files</Filter>
    </ClInclude>
    <ClInclude Include="..\Code\PS5Controller.h">
      <Filter>Source Files</Filter>
    </ClInclude>
    <ClInclude Include="..\Code\QuadTree.h">
      <Filter>Source Files</Filter>
    </ClInclude>
    <ClInclude Include="..\Code\RandomPicker.h">
      <Filter>Source Files</Filter>
    </ClInclude>
    <ClInclude Include="..\Code\SaveFile.h">
      <Filter>Source Files</Filter>
    </ClInclude>
    <ClInclude Include="..\Code\SaveMenuScreen.h">
      <Filter>Source Files</Filter>
    </ClInclude>
    <ClInclude Include="..\Code\ScoreDisplay.h">
      <Filter>Source Files</Filter>
    </ClInclude>
    <ClInclude Include="..\Code\ScreenRecorder.h">
      <Filter>Source Files</Filter>
    </ClInclude>
    <ClInclude Include="..\Code\Sequence.h">
      <Filter>Source Files</Filter>
    </ClInclude>
    <ClInclude Include="..\Code\SequenceW1.h">
      <Filter>Source Files</Filter>
    </ClInclude>
    <ClInclude Include="..\Code\SequenceW2.h">
      <Filter>Source Files</Filter>
    </ClInclude>
    <ClInclude Include="..\Code\SequenceW3.h">
      <Filter>Source Files</Filter>
    </ClInclude>
    <ClInclude Include="..\Code\SequenceW4.h">
      <Filter>Source Files</Filter>
    </ClInclude>
    <ClInclude Include="..\Code\SequenceW5.h">
      <Filter>Source Files</Filter>
    </ClInclude>
    <ClInclude Include="..\Code\SequenceW6.h">
      <Filter>Source Files</Filter>
    </ClInclude>
    <ClInclude Include="..\Code\SequenceW7.h">
      <Filter>Source Files</Filter>
    </ClInclude>
    <ClInclude Include="..\Code\SequenceW8.h">
      <Filter>Source Files</Filter>
    </ClInclude>
    <ClInclude Include="..\Code\Session.h">
      <Filter>Source Files</Filter>
    </ClInclude>
    <ClInclude Include="..\Code\ShaderTester.h">
      <Filter>Source Files</Filter>
    </ClInclude>
    <ClInclude Include="..\Code\ShardInfo.h">
      <Filter>Source Files</Filter>
    </ClInclude>
    <ClInclude Include="..\Code\ShardMenu.h">
      <Filter>Source Files</Filter>
    </ClInclude>
    <ClInclude Include="..\Code\ShardSequence.h">
      <Filter>Source Files</Filter>
    </ClInclude>
    <ClInclude Include="..\Code\ShardTypes.h">
      <Filter>Source Files</Filter>
    </ClInclude>
    <ClInclude Include="..\Code\Shield.h">
      <Filter>Source Files</Filter>
    </ClInclude>
    <ClInclude Include="..\Code\ShipPickup.h">
      <Filter>Source Files</Filter>
    </ClInclude>
    <ClInclude Include="..\Code\Shockwave.h">
      <Filter>Source Files</Filter>
    </ClInclude>
    <ClInclude Include="..\Code\SkinMenu.h">
      <Filter>Source Files</Filter>
    </ClInclude>
    <ClInclude Include="..\Code\SoundManager.h">
      <Filter>Source Files</Filter>
    </ClInclude>
    <ClInclude Include="..\Code\SoundTypes.h">
      <Filter>Source Files</Filter>
    </ClInclude>
    <ClInclude Include="..\Code\SpecialTerrainTypes.h">
      <Filter>Source Files</Filter>
    </ClInclude>
    <ClInclude Include="..\Code\StorySequence.h">
      <Filter>Source Files</Filter>
    </ClInclude>
    <ClInclude Include="..\Code\SummonGroup.h">
      <Filter>Source Files</Filter>
    </ClInclude>
    <ClInclude Include="..\Code\SurfaceMover.h">
      <Filter>Source Files</Filter>
    </ClInclude>
    <ClInclude Include="..\Code\TerrainDecor.h">
      <Filter>Source Files</Filter>
    </ClInclude>
    <ClInclude Include="..\Code\Tileset.h">
      <Filter>Source Files</Filter>
    </ClInclude>
    <ClInclude Include="..\Code\TimerHUD.h">
      <Filter>Source Files</Filter>
    </ClInclude>
    <ClInclude Include="..\Code\TitleScreen.h">
      <Filter>Source Files</Filter>
    </ClInclude>
    <ClInclude Include="..\Code\TopClouds.h">
      <Filter>Source Files</Filter>
    </ClInclude>
    <ClInclude Include="..\Code\TouchGrass.h">
      <Filter>Source Files</Filter>
    </ClInclude>
    <ClInclude Include="..\Code\TransformTools.h">
      <Filter>Source Files</Filter>
    </ClInclude>
    <ClInclude Include="..\Code\TriangleRandomizer.h">
      <Filter>Source Files</Filter>
    </ClInclude>
    <ClInclude Include="..\Code\TutorialBox.h">
      <Filter>Source Files</Filter>
    </ClInclude>
    <ClInclude Include="..\Code\TutorialSequence.h">
      <Filter>Source Files</Filter>
    </ClInclude>
    <ClInclude Include="..\Code\UIWindow.h">
      <Filter>Source Files</Filter>
    </ClInclude>
    <ClInclude Include="..\Code\VectorMath.h">
      <Filter>Source Files</Filter>
    </ClInclude>
    <ClInclude Include="..\Code\VictoryScreen.h">
      <Filter>Source Files</Filter>
    </ClInclude>
    <ClInclude Include="..\Code\VisualEffects.h">
      <Filter>Source Files</Filter>
    </ClInclude>
    <ClInclude Include="..\Code\WarpTransitionSequence.h">
      <Filter>Source Files</Filter>
    </ClInclude>
    <ClInclude Include="..\Code\Wire.h">
      <Filter>Source Files</Filter>
    </ClInclude>
    <ClInclude Include="..\Code\WorkshopManager.h">
      <Filter>Source Files</Filter>
    </ClInclude>
    <ClInclude Include="..\Code\WorldMap.h">
      <Filter>Source Files</Filter>
    </ClInclude>
    <ClInclude Include="..\Code\Zone.h">
      <Filter>Source Files</Filter>
    </ClInclude>
    <ClInclude Include="..\Code\GCC\GCController.h">
      <Filter>Source Files</Filter>
    </ClInclude>
    <ClInclude Include="..\Code\GCC\USBDriver.h">
      <Filter>Source Files</Filter>
    </ClInclude>
    <ClInclude Include="..\Code\GCC\VJoyGCController.h">
      <Filter>Source Files</Filter>
    </ClInclude>
  </ItemGroup>
</Project>